// !$*UTF8*$!
{
	archiveVersion = 1;
	classes = {
	};
	objectVersion = 56;
	objects = {

/* Begin PBXBuildFile section */
		13564CB82B0BEE7F007E905E /* SafariWebExtensionHandler.swift in Sources */ = {isa = PBXBuildFile; fileRef = 13564CB72B0BEE7F007E905E /* SafariWebExtensionHandler.swift */; };
		13564CB92B0BEE7F007E905E /* SafariWebExtensionHandler.swift in Sources */ = {isa = PBXBuildFile; fileRef = 13564CB72B0BEE7F007E905E /* SafariWebExtensionHandler.swift */; };
		13564CBE2B0BEECA007E905E /* styles.css in Resources */ = {isa = PBXBuildFile; fileRef = 13564CBD2B0BEEC9007E905E /* styles.css */; };
		13564CBF2B0BEECA007E905E /* styles.css in Resources */ = {isa = PBXBuildFile; fileRef = 13564CBD2B0BEEC9007E905E /* styles.css */; };
		13564CC12B0BEEEA007E905E /* popup.js in Resources */ = {isa = PBXBuildFile; fileRef = 13564CC02B0BEEEA007E905E /* popup.js */; };
		13564CC22B0BEEEA007E905E /* popup.js in Resources */ = {isa = PBXBuildFile; fileRef = 13564CC02B0BEEEA007E905E /* popup.js */; };
		13564CC42B0BEF09007E905E /* background.js in Resources */ = {isa = PBXBuildFile; fileRef = 13564CC32B0BEF09007E905E /* background.js */; };
		13564CC52B0BEF09007E905E /* background.js in Resources */ = {isa = PBXBuildFile; fileRef = 13564CC32B0BEF09007E905E /* background.js */; };
		13564CC72B0BEF18007E905E /* popup.html in Resources */ = {isa = PBXBuildFile; fileRef = 13564CC62B0BEF18007E905E /* popup.html */; };
		13564CC82B0BEF18007E905E /* popup.html in Resources */ = {isa = PBXBuildFile; fileRef = 13564CC62B0BEF18007E905E /* popup.html */; };
		13564CCA2B0BEF25007E905E /* manifest.json in Resources */ = {isa = PBXBuildFile; fileRef = 13564CC92B0BEF25007E905E /* manifest.json */; };
		13564CCB2B0BEF25007E905E /* manifest.json in Resources */ = {isa = PBXBuildFile; fileRef = 13564CC92B0BEF25007E905E /* manifest.json */; };
		13564CD52B11EF3A007E905E /* Web_Time_MachineUITests.swift in Sources */ = {isa = PBXBuildFile; fileRef = 13564CD42B11EF3A007E905E /* Web_Time_MachineUITests.swift */; };
		13564CD72B11EF3A007E905E /* Web_Time_MachineUITestsLaunchTests.swift in Sources */ = {isa = PBXBuildFile; fileRef = 13564CD62B11EF3A007E905E /* Web_Time_MachineUITestsLaunchTests.swift */; };
		137F0D602AF9C7F700277A9C /* AppDelegate.swift in Sources */ = {isa = PBXBuildFile; fileRef = 137F0D5F2AF9C7F700277A9C /* AppDelegate.swift */; };
		137F0D622AF9C7F700277A9C /* SceneDelegate.swift in Sources */ = {isa = PBXBuildFile; fileRef = 137F0D612AF9C7F700277A9C /* SceneDelegate.swift */; };
		137F0D652AF9C7F700277A9C /* LaunchScreen.storyboard in Resources */ = {isa = PBXBuildFile; fileRef = 137F0D632AF9C7F700277A9C /* LaunchScreen.storyboard */; };
		137F0D682AF9C7F700277A9C /* Main.storyboard in Resources */ = {isa = PBXBuildFile; fileRef = 137F0D662AF9C7F700277A9C /* Main.storyboard */; };
		137F0D712AF9C7F700277A9C /* AppDelegate.swift in Sources */ = {isa = PBXBuildFile; fileRef = 137F0D702AF9C7F700277A9C /* AppDelegate.swift */; };
		137F0D742AF9C7F700277A9C /* Main.storyboard in Resources */ = {isa = PBXBuildFile; fileRef = 137F0D722AF9C7F700277A9C /* Main.storyboard */; };
		137F0D7C2AF9C7F700277A9C /* Web Time Machine Extension.appex in Embed Foundation Extensions */ = {isa = PBXBuildFile; fileRef = 137F0D7B2AF9C7F700277A9C /* Web Time Machine Extension.appex */; settings = {ATTRIBUTES = (RemoveHeadersOnCopy, ); }; };
		137F0D862AF9C7F700277A9C /* Web Time Machine Extension.appex in Embed Foundation Extensions */ = {isa = PBXBuildFile; fileRef = 137F0D852AF9C7F700277A9C /* Web Time Machine Extension.appex */; settings = {ATTRIBUTES = (RemoveHeadersOnCopy, ); }; };
		137F0D8C2AF9C7F700277A9C /* Main.html in Resources */ = {isa = PBXBuildFile; fileRef = 137F0D4F2AF9C7F500277A9C /* Main.html */; };
		137F0D8D2AF9C7F700277A9C /* Main.html in Resources */ = {isa = PBXBuildFile; fileRef = 137F0D4F2AF9C7F500277A9C /* Main.html */; };
		137F0D8E2AF9C7F700277A9C /* Icon.png in Resources */ = {isa = PBXBuildFile; fileRef = 137F0D512AF9C7F500277A9C /* Icon.png */; };
		137F0D8F2AF9C7F700277A9C /* Icon.png in Resources */ = {isa = PBXBuildFile; fileRef = 137F0D512AF9C7F500277A9C /* Icon.png */; };
		137F0D902AF9C7F700277A9C /* Style.css in Resources */ = {isa = PBXBuildFile; fileRef = 137F0D522AF9C7F500277A9C /* Style.css */; };
		137F0D912AF9C7F700277A9C /* Style.css in Resources */ = {isa = PBXBuildFile; fileRef = 137F0D522AF9C7F500277A9C /* Style.css */; };
		137F0D922AF9C7F700277A9C /* Script.js in Resources */ = {isa = PBXBuildFile; fileRef = 137F0D532AF9C7F500277A9C /* Script.js */; };
		137F0D932AF9C7F700277A9C /* Script.js in Resources */ = {isa = PBXBuildFile; fileRef = 137F0D532AF9C7F500277A9C /* Script.js */; };
		137F0D942AF9C7F700277A9C /* ViewController.swift in Sources */ = {isa = PBXBuildFile; fileRef = 137F0D542AF9C7F500277A9C /* ViewController.swift */; };
		137F0D952AF9C7F700277A9C /* ViewController.swift in Sources */ = {isa = PBXBuildFile; fileRef = 137F0D542AF9C7F500277A9C /* ViewController.swift */; };
		137F0D962AF9C7F700277A9C /* Assets.xcassets in Resources */ = {isa = PBXBuildFile; fileRef = 137F0D552AF9C7F700277A9C /* Assets.xcassets */; };
		137F0D972AF9C7F700277A9C /* Assets.xcassets in Resources */ = {isa = PBXBuildFile; fileRef = 137F0D552AF9C7F700277A9C /* Assets.xcassets */; };
		13E24D022AFAC00700D981A3 /* content.js in Resources */ = {isa = PBXBuildFile; fileRef = 13E24D012AFAC00700D981A3 /* content.js */; };
		13E24D032AFAC00700D981A3 /* content.js in Resources */ = {isa = PBXBuildFile; fileRef = 13E24D012AFAC00700D981A3 /* content.js */; };
/* End PBXBuildFile section */

/* Begin PBXContainerItemProxy section */
		13564CD82B11EF3A007E905E /* PBXContainerItemProxy */ = {
			isa = PBXContainerItemProxy;
			containerPortal = 137F0D492AF9C7F500277A9C /* Project object */;
			proxyType = 1;
			remoteGlobalIDString = 137F0D5B2AF9C7F700277A9C;
			remoteInfo = "Web Time Machine (iOS)";
		};
		137F0D7D2AF9C7F700277A9C /* PBXContainerItemProxy */ = {
			isa = PBXContainerItemProxy;
			containerPortal = 137F0D492AF9C7F500277A9C /* Project object */;
			proxyType = 1;
			remoteGlobalIDString = 137F0D7A2AF9C7F700277A9C;
			remoteInfo = "Web Time Machine Extension (iOS)";
		};
		137F0D872AF9C7F700277A9C /* PBXContainerItemProxy */ = {
			isa = PBXContainerItemProxy;
			containerPortal = 137F0D492AF9C7F500277A9C /* Project object */;
			proxyType = 1;
			remoteGlobalIDString = 137F0D842AF9C7F700277A9C;
			remoteInfo = "Web Time Machine Extension (macOS)";
		};
/* End PBXContainerItemProxy section */

/* Begin PBXCopyFilesBuildPhase section */
		137F0D9F2AF9C7F700277A9C /* Embed Foundation Extensions */ = {
			isa = PBXCopyFilesBuildPhase;
			buildActionMask = 2147483647;
			dstPath = "";
			dstSubfolderSpec = 13;
			files = (
				137F0D7C2AF9C7F700277A9C /* Web Time Machine Extension.appex in Embed Foundation Extensions */,
			);
			name = "Embed Foundation Extensions";
			runOnlyForDeploymentPostprocessing = 0;
		};
		137F0DA62AF9C7F700277A9C /* Embed Foundation Extensions */ = {
			isa = PBXCopyFilesBuildPhase;
			buildActionMask = 2147483647;
			dstPath = "";
			dstSubfolderSpec = 13;
			files = (
				137F0D862AF9C7F700277A9C /* Web Time Machine Extension.appex in Embed Foundation Extensions */,
			);
			name = "Embed Foundation Extensions";
			runOnlyForDeploymentPostprocessing = 0;
		};
/* End PBXCopyFilesBuildPhase section */

/* Begin PBXFileReference section */
		13564CB72B0BEE7F007E905E /* SafariWebExtensionHandler.swift */ = {isa = PBXFileReference; fileEncoding = 4; lastKnownFileType = sourcecode.swift; path = SafariWebExtensionHandler.swift; sourceTree = "<group>"; };
		13564CBD2B0BEEC9007E905E /* styles.css */ = {isa = PBXFileReference; fileEncoding = 4; lastKnownFileType = text.css; path = styles.css; sourceTree = "<group>"; };
		13564CC02B0BEEEA007E905E /* popup.js */ = {isa = PBXFileReference; fileEncoding = 4; lastKnownFileType = sourcecode.javascript; path = popup.js; sourceTree = "<group>"; };
		13564CC32B0BEF09007E905E /* background.js */ = {isa = PBXFileReference; fileEncoding = 4; lastKnownFileType = sourcecode.javascript; path = background.js; sourceTree = "<group>"; };
		13564CC62B0BEF18007E905E /* popup.html */ = {isa = PBXFileReference; fileEncoding = 4; lastKnownFileType = text.html; path = popup.html; sourceTree = "<group>"; };
		13564CC92B0BEF25007E905E /* manifest.json */ = {isa = PBXFileReference; fileEncoding = 4; lastKnownFileType = text.json; path = manifest.json; sourceTree = "<group>"; };
		13564CCC2B11DC77007E905E /* Web Time Machine (iOS) Github.xctestplan */ = {isa = PBXFileReference; lastKnownFileType = text; path = "Web Time Machine (iOS) Github.xctestplan"; sourceTree = "<group>"; };
		13564CD22B11EF3A007E905E /* Web Time MachineUITests.xctest */ = {isa = PBXFileReference; explicitFileType = wrapper.cfbundle; includeInIndex = 0; path = "Web Time MachineUITests.xctest"; sourceTree = BUILT_PRODUCTS_DIR; };
		13564CD42B11EF3A007E905E /* Web_Time_MachineUITests.swift */ = {isa = PBXFileReference; lastKnownFileType = sourcecode.swift; path = Web_Time_MachineUITests.swift; sourceTree = "<group>"; };
		13564CD62B11EF3A007E905E /* Web_Time_MachineUITestsLaunchTests.swift */ = {isa = PBXFileReference; lastKnownFileType = sourcecode.swift; path = Web_Time_MachineUITestsLaunchTests.swift; sourceTree = "<group>"; };
		137F0D502AF9C7F500277A9C /* Base */ = {isa = PBXFileReference; lastKnownFileType = text.html; name = Base; path = ../Base.lproj/Main.html; sourceTree = "<group>"; };
		137F0D512AF9C7F500277A9C /* Icon.png */ = {isa = PBXFileReference; lastKnownFileType = image.png; path = Icon.png; sourceTree = "<group>"; };
		137F0D522AF9C7F500277A9C /* Style.css */ = {isa = PBXFileReference; lastKnownFileType = text.css; path = Style.css; sourceTree = "<group>"; };
		137F0D532AF9C7F500277A9C /* Script.js */ = {isa = PBXFileReference; lastKnownFileType = sourcecode.javascript; path = Script.js; sourceTree = "<group>"; };
		137F0D542AF9C7F500277A9C /* ViewController.swift */ = {isa = PBXFileReference; lastKnownFileType = sourcecode.swift; path = ViewController.swift; sourceTree = "<group>"; };
		137F0D552AF9C7F700277A9C /* Assets.xcassets */ = {isa = PBXFileReference; lastKnownFileType = folder.assetcatalog; path = Assets.xcassets; sourceTree = "<group>"; };
		137F0D5C2AF9C7F700277A9C /* Web Time Machine.app */ = {isa = PBXFileReference; explicitFileType = wrapper.application; includeInIndex = 0; path = "Web Time Machine.app"; sourceTree = BUILT_PRODUCTS_DIR; };
		137F0D5F2AF9C7F700277A9C /* AppDelegate.swift */ = {isa = PBXFileReference; lastKnownFileType = sourcecode.swift; path = AppDelegate.swift; sourceTree = "<group>"; };
		137F0D612AF9C7F700277A9C /* SceneDelegate.swift */ = {isa = PBXFileReference; lastKnownFileType = sourcecode.swift; path = SceneDelegate.swift; sourceTree = "<group>"; };
		137F0D642AF9C7F700277A9C /* Base */ = {isa = PBXFileReference; lastKnownFileType = file.storyboard; name = Base; path = Base.lproj/LaunchScreen.storyboard; sourceTree = "<group>"; };
		137F0D672AF9C7F700277A9C /* Base */ = {isa = PBXFileReference; lastKnownFileType = file.storyboard; name = Base; path = Base.lproj/Main.storyboard; sourceTree = "<group>"; };
		137F0D692AF9C7F700277A9C /* Info.plist */ = {isa = PBXFileReference; lastKnownFileType = text.plist.xml; path = Info.plist; sourceTree = "<group>"; };
		137F0D6E2AF9C7F700277A9C /* Web Time Machine.app */ = {isa = PBXFileReference; explicitFileType = wrapper.application; includeInIndex = 0; path = "Web Time Machine.app"; sourceTree = BUILT_PRODUCTS_DIR; };
		137F0D702AF9C7F700277A9C /* AppDelegate.swift */ = {isa = PBXFileReference; lastKnownFileType = sourcecode.swift; path = AppDelegate.swift; sourceTree = "<group>"; };
		137F0D732AF9C7F700277A9C /* Base */ = {isa = PBXFileReference; lastKnownFileType = file.storyboard; name = Base; path = Base.lproj/Main.storyboard; sourceTree = "<group>"; };
		137F0D752AF9C7F700277A9C /* Info.plist */ = {isa = PBXFileReference; lastKnownFileType = text.plist.xml; path = Info.plist; sourceTree = "<group>"; };
		137F0D762AF9C7F700277A9C /* Web Time Machine.entitlements */ = {isa = PBXFileReference; lastKnownFileType = text.plist.entitlements; path = "Web Time Machine.entitlements"; sourceTree = "<group>"; };
		137F0D7B2AF9C7F700277A9C /* Web Time Machine Extension.appex */ = {isa = PBXFileReference; explicitFileType = "wrapper.app-extension"; includeInIndex = 0; path = "Web Time Machine Extension.appex"; sourceTree = BUILT_PRODUCTS_DIR; };
		137F0D802AF9C7F700277A9C /* Info.plist */ = {isa = PBXFileReference; lastKnownFileType = text.plist.xml; path = Info.plist; sourceTree = "<group>"; };
		137F0D852AF9C7F700277A9C /* Web Time Machine Extension.appex */ = {isa = PBXFileReference; explicitFileType = "wrapper.app-extension"; includeInIndex = 0; path = "Web Time Machine Extension.appex"; sourceTree = BUILT_PRODUCTS_DIR; };
		137F0D8A2AF9C7F700277A9C /* Info.plist */ = {isa = PBXFileReference; lastKnownFileType = text.plist.xml; path = Info.plist; sourceTree = "<group>"; };
		137F0D8B2AF9C7F700277A9C /* Web Time Machine.entitlements */ = {isa = PBXFileReference; lastKnownFileType = text.plist.entitlements; path = "Web Time Machine.entitlements"; sourceTree = "<group>"; };
		13E24D012AFAC00700D981A3 /* content.js */ = {isa = PBXFileReference; lastKnownFileType = sourcecode.javascript; path = content.js; sourceTree = "<group>"; };
/* End PBXFileReference section */

/* Begin PBXFrameworksBuildPhase section */
		13564CCF2B11EF3A007E905E /* Frameworks */ = {
			isa = PBXFrameworksBuildPhase;
			buildActionMask = 2147483647;
			files = (
			);
			runOnlyForDeploymentPostprocessing = 0;
		};
		137F0D592AF9C7F700277A9C /* Frameworks */ = {
			isa = PBXFrameworksBuildPhase;
			buildActionMask = 2147483647;
			files = (
			);
			runOnlyForDeploymentPostprocessing = 0;
		};
		137F0D6B2AF9C7F700277A9C /* Frameworks */ = {
			isa = PBXFrameworksBuildPhase;
			buildActionMask = 2147483647;
			files = (
			);
			runOnlyForDeploymentPostprocessing = 0;
		};
		137F0D782AF9C7F700277A9C /* Frameworks */ = {
			isa = PBXFrameworksBuildPhase;
			buildActionMask = 2147483647;
			files = (
			);
			runOnlyForDeploymentPostprocessing = 0;
		};
		137F0D822AF9C7F700277A9C /* Frameworks */ = {
			isa = PBXFrameworksBuildPhase;
			buildActionMask = 2147483647;
			files = (
			);
			runOnlyForDeploymentPostprocessing = 0;
		};
/* End PBXFrameworksBuildPhase section */

/* Begin PBXGroup section */
		13564CD32B11EF3A007E905E /* Web Time MachineUITests */ = {
			isa = PBXGroup;
			children = (
				13564CD42B11EF3A007E905E /* Web_Time_MachineUITests.swift */,
				13564CD62B11EF3A007E905E /* Web_Time_MachineUITestsLaunchTests.swift */,
			);
			path = "Web Time MachineUITests";
			sourceTree = "<group>";
		};
		137F0D482AF9C7F500277A9C = {
			isa = PBXGroup;
			children = (
				13564CCC2B11DC77007E905E /* Web Time Machine (iOS) Github.xctestplan */,
				137F0D4D2AF9C7F500277A9C /* Shared (App) */,
				137F0D562AF9C7F700277A9C /* Shared (Extension) */,
				137F0D5E2AF9C7F700277A9C /* iOS (App) */,
				137F0D6F2AF9C7F700277A9C /* macOS (App) */,
				137F0D7F2AF9C7F700277A9C /* iOS (Extension) */,
				137F0D892AF9C7F700277A9C /* macOS (Extension) */,
				13564CD32B11EF3A007E905E /* Web Time MachineUITests */,
				137F0D5D2AF9C7F700277A9C /* Products */,
			);
			sourceTree = "<group>";
		};
		137F0D4D2AF9C7F500277A9C /* Shared (App) */ = {
			isa = PBXGroup;
			children = (
				137F0D542AF9C7F500277A9C /* ViewController.swift */,
				137F0D552AF9C7F700277A9C /* Assets.xcassets */,
				137F0D4E2AF9C7F500277A9C /* Resources */,
			);
			path = "Shared (App)";
			sourceTree = "<group>";
		};
		137F0D4E2AF9C7F500277A9C /* Resources */ = {
			isa = PBXGroup;
			children = (
				137F0D4F2AF9C7F500277A9C /* Main.html */,
				137F0D512AF9C7F500277A9C /* Icon.png */,
				137F0D522AF9C7F500277A9C /* Style.css */,
				137F0D532AF9C7F500277A9C /* Script.js */,
			);
			path = Resources;
			sourceTree = "<group>";
		};
		137F0D562AF9C7F700277A9C /* Shared (Extension) */ = {
			isa = PBXGroup;
			children = (
				137F0DAA2AF9C7F800277A9C /* Resources */,
			);
			path = "Shared (Extension)";
			sourceTree = "<group>";
		};
		137F0D5D2AF9C7F700277A9C /* Products */ = {
			isa = PBXGroup;
			children = (
				137F0D5C2AF9C7F700277A9C /* Web Time Machine.app */,
				137F0D6E2AF9C7F700277A9C /* Web Time Machine.app */,
				137F0D7B2AF9C7F700277A9C /* Web Time Machine Extension.appex */,
				137F0D852AF9C7F700277A9C /* Web Time Machine Extension.appex */,
				13564CD22B11EF3A007E905E /* Web Time MachineUITests.xctest */,
			);
			name = Products;
			sourceTree = "<group>";
		};
		137F0D5E2AF9C7F700277A9C /* iOS (App) */ = {
			isa = PBXGroup;
			children = (
				137F0D5F2AF9C7F700277A9C /* AppDelegate.swift */,
				137F0D612AF9C7F700277A9C /* SceneDelegate.swift */,
				137F0D632AF9C7F700277A9C /* LaunchScreen.storyboard */,
				137F0D662AF9C7F700277A9C /* Main.storyboard */,
				137F0D692AF9C7F700277A9C /* Info.plist */,
			);
			path = "iOS (App)";
			sourceTree = "<group>";
		};
		137F0D6F2AF9C7F700277A9C /* macOS (App) */ = {
			isa = PBXGroup;
			children = (
				137F0D702AF9C7F700277A9C /* AppDelegate.swift */,
				137F0D722AF9C7F700277A9C /* Main.storyboard */,
				137F0D752AF9C7F700277A9C /* Info.plist */,
				137F0D762AF9C7F700277A9C /* Web Time Machine.entitlements */,
			);
			path = "macOS (App)";
			sourceTree = "<group>";
		};
		137F0D7F2AF9C7F700277A9C /* iOS (Extension) */ = {
			isa = PBXGroup;
			children = (
				137F0D802AF9C7F700277A9C /* Info.plist */,
			);
			path = "iOS (Extension)";
			sourceTree = "<group>";
		};
		137F0D892AF9C7F700277A9C /* macOS (Extension) */ = {
			isa = PBXGroup;
			children = (
				137F0D8A2AF9C7F700277A9C /* Info.plist */,
				137F0D8B2AF9C7F700277A9C /* Web Time Machine.entitlements */,
			);
			path = "macOS (Extension)";
			sourceTree = "<group>";
		};
		137F0DAA2AF9C7F800277A9C /* Resources */ = {
			isa = PBXGroup;
			children = (
				13564CC02B0BEEEA007E905E /* popup.js */,
				13564CC32B0BEF09007E905E /* background.js */,
				13564CC62B0BEF18007E905E /* popup.html */,
				13564CC92B0BEF25007E905E /* manifest.json */,
				13564CBD2B0BEEC9007E905E /* styles.css */,
				13E24D012AFAC00700D981A3 /* content.js */,
				13564CB72B0BEE7F007E905E /* SafariWebExtensionHandler.swift */,
			);
			name = Resources;
			path = "Shared (Extension)";
			sourceTree = SOURCE_ROOT;
		};
/* End PBXGroup section */

/* Begin PBXNativeTarget section */
		13564CD12B11EF3A007E905E /* Web Time MachineUITests */ = {
			isa = PBXNativeTarget;
			buildConfigurationList = 13564CDA2B11EF3B007E905E /* Build configuration list for PBXNativeTarget "Web Time MachineUITests" */;
			buildPhases = (
				13564CCE2B11EF3A007E905E /* Sources */,
				13564CCF2B11EF3A007E905E /* Frameworks */,
				13564CD02B11EF3A007E905E /* Resources */,
			);
			buildRules = (
			);
			dependencies = (
				13564CD92B11EF3A007E905E /* PBXTargetDependency */,
			);
			name = "Web Time MachineUITests";
			productName = "Web Time MachineUITests";
			productReference = 13564CD22B11EF3A007E905E /* Web Time MachineUITests.xctest */;
			productType = "com.apple.product-type.bundle.ui-testing";
		};
		137F0D5B2AF9C7F700277A9C /* Web Time Machine (iOS) */ = {
			isa = PBXNativeTarget;
			buildConfigurationList = 137F0DA02AF9C7F700277A9C /* Build configuration list for PBXNativeTarget "Web Time Machine (iOS)" */;
			buildPhases = (
				137F0D582AF9C7F700277A9C /* Sources */,
				137F0D592AF9C7F700277A9C /* Frameworks */,
				137F0D5A2AF9C7F700277A9C /* Resources */,
				137F0D9F2AF9C7F700277A9C /* Embed Foundation Extensions */,
			);
			buildRules = (
			);
			dependencies = (
				137F0D7E2AF9C7F700277A9C /* PBXTargetDependency */,
			);
			name = "Web Time Machine (iOS)";
			productName = "Web Time Machine (iOS)";
			productReference = 137F0D5C2AF9C7F700277A9C /* Web Time Machine.app */;
			productType = "com.apple.product-type.application";
		};
		137F0D6D2AF9C7F700277A9C /* Web Time Machine (macOS) */ = {
			isa = PBXNativeTarget;
			buildConfigurationList = 137F0DA72AF9C7F700277A9C /* Build configuration list for PBXNativeTarget "Web Time Machine (macOS)" */;
			buildPhases = (
				137F0D6A2AF9C7F700277A9C /* Sources */,
				137F0D6B2AF9C7F700277A9C /* Frameworks */,
				137F0D6C2AF9C7F700277A9C /* Resources */,
				137F0DA62AF9C7F700277A9C /* Embed Foundation Extensions */,
			);
			buildRules = (
			);
			dependencies = (
				137F0D882AF9C7F700277A9C /* PBXTargetDependency */,
			);
			name = "Web Time Machine (macOS)";
			productName = "Web Time Machine (macOS)";
			productReference = 137F0D6E2AF9C7F700277A9C /* Web Time Machine.app */;
			productType = "com.apple.product-type.application";
		};
		137F0D7A2AF9C7F700277A9C /* Web Time Machine Extension (iOS) */ = {
			isa = PBXNativeTarget;
			buildConfigurationList = 137F0D9C2AF9C7F700277A9C /* Build configuration list for PBXNativeTarget "Web Time Machine Extension (iOS)" */;
			buildPhases = (
				137F0D772AF9C7F700277A9C /* Sources */,
				137F0D782AF9C7F700277A9C /* Frameworks */,
				137F0D792AF9C7F700277A9C /* Resources */,
			);
			buildRules = (
			);
			dependencies = (
			);
			name = "Web Time Machine Extension (iOS)";
			productName = "Web Time Machine Extension (iOS)";
			productReference = 137F0D7B2AF9C7F700277A9C /* Web Time Machine Extension.appex */;
			productType = "com.apple.product-type.app-extension";
		};
		137F0D842AF9C7F700277A9C /* Web Time Machine Extension (macOS) */ = {
			isa = PBXNativeTarget;
			buildConfigurationList = 137F0DA32AF9C7F700277A9C /* Build configuration list for PBXNativeTarget "Web Time Machine Extension (macOS)" */;
			buildPhases = (
				137F0D812AF9C7F700277A9C /* Sources */,
				137F0D822AF9C7F700277A9C /* Frameworks */,
				137F0D832AF9C7F700277A9C /* Resources */,
			);
			buildRules = (
			);
			dependencies = (
			);
			name = "Web Time Machine Extension (macOS)";
			productName = "Web Time Machine Extension (macOS)";
			productReference = 137F0D852AF9C7F700277A9C /* Web Time Machine Extension.appex */;
			productType = "com.apple.product-type.app-extension";
		};
/* End PBXNativeTarget section */

/* Begin PBXProject section */
		137F0D492AF9C7F500277A9C /* Project object */ = {
			isa = PBXProject;
			attributes = {
				BuildIndependentTargetsInParallel = 1;
				LastSwiftUpdateCheck = 1500;
				LastUpgradeCheck = 1500;
				TargetAttributes = {
					13564CD12B11EF3A007E905E = {
						CreatedOnToolsVersion = 15.0;
						TestTargetID = 137F0D5B2AF9C7F700277A9C;
					};
					137F0D5B2AF9C7F700277A9C = {
						CreatedOnToolsVersion = 15.0;
					};
					137F0D6D2AF9C7F700277A9C = {
						CreatedOnToolsVersion = 15.0;
					};
					137F0D7A2AF9C7F700277A9C = {
						CreatedOnToolsVersion = 15.0;
					};
					137F0D842AF9C7F700277A9C = {
						CreatedOnToolsVersion = 15.0;
					};
				};
			};
			buildConfigurationList = 137F0D4C2AF9C7F500277A9C /* Build configuration list for PBXProject "Web Time Machine" */;
			compatibilityVersion = "Xcode 14.0";
			developmentRegion = en;
			hasScannedForEncodings = 0;
			knownRegions = (
				en,
				Base,
			);
			mainGroup = 137F0D482AF9C7F500277A9C;
			productRefGroup = 137F0D5D2AF9C7F700277A9C /* Products */;
			projectDirPath = "";
			projectRoot = "";
			targets = (
				137F0D5B2AF9C7F700277A9C /* Web Time Machine (iOS) */,
				137F0D6D2AF9C7F700277A9C /* Web Time Machine (macOS) */,
				137F0D7A2AF9C7F700277A9C /* Web Time Machine Extension (iOS) */,
				137F0D842AF9C7F700277A9C /* Web Time Machine Extension (macOS) */,
				13564CD12B11EF3A007E905E /* Web Time MachineUITests */,
			);
		};
/* End PBXProject section */

/* Begin PBXResourcesBuildPhase section */
		13564CD02B11EF3A007E905E /* Resources */ = {
			isa = PBXResourcesBuildPhase;
			buildActionMask = 2147483647;
			files = (
			);
			runOnlyForDeploymentPostprocessing = 0;
		};
		137F0D5A2AF9C7F700277A9C /* Resources */ = {
			isa = PBXResourcesBuildPhase;
			buildActionMask = 2147483647;
			files = (
				137F0D8E2AF9C7F700277A9C /* Icon.png in Resources */,
				137F0D652AF9C7F700277A9C /* LaunchScreen.storyboard in Resources */,
				137F0D8C2AF9C7F700277A9C /* Main.html in Resources */,
				137F0D922AF9C7F700277A9C /* Script.js in Resources */,
				137F0D962AF9C7F700277A9C /* Assets.xcassets in Resources */,
				137F0D682AF9C7F700277A9C /* Main.storyboard in Resources */,
				137F0D902AF9C7F700277A9C /* Style.css in Resources */,
			);
			runOnlyForDeploymentPostprocessing = 0;
		};
		137F0D6C2AF9C7F700277A9C /* Resources */ = {
			isa = PBXResourcesBuildPhase;
			buildActionMask = 2147483647;
			files = (
				137F0D8F2AF9C7F700277A9C /* Icon.png in Resources */,
				137F0D912AF9C7F700277A9C /* Style.css in Resources */,
				137F0D742AF9C7F700277A9C /* Main.storyboard in Resources */,
				137F0D932AF9C7F700277A9C /* Script.js in Resources */,
				137F0D972AF9C7F700277A9C /* Assets.xcassets in Resources */,
				137F0D8D2AF9C7F700277A9C /* Main.html in Resources */,
			);
			runOnlyForDeploymentPostprocessing = 0;
		};
		137F0D792AF9C7F700277A9C /* Resources */ = {
			isa = PBXResourcesBuildPhase;
			buildActionMask = 2147483647;
			files = (
				13564CC42B0BEF09007E905E /* background.js in Resources */,
				13564CC72B0BEF18007E905E /* popup.html in Resources */,
				13564CCA2B0BEF25007E905E /* manifest.json in Resources */,
				13564CBE2B0BEECA007E905E /* styles.css in Resources */,
				13E24D022AFAC00700D981A3 /* content.js in Resources */,
				13564CC12B0BEEEA007E905E /* popup.js in Resources */,
			);
			runOnlyForDeploymentPostprocessing = 0;
		};
		137F0D832AF9C7F700277A9C /* Resources */ = {
			isa = PBXResourcesBuildPhase;
			buildActionMask = 2147483647;
			files = (
				13564CC52B0BEF09007E905E /* background.js in Resources */,
				13564CC82B0BEF18007E905E /* popup.html in Resources */,
				13564CCB2B0BEF25007E905E /* manifest.json in Resources */,
				13564CBF2B0BEECA007E905E /* styles.css in Resources */,
				13E24D032AFAC00700D981A3 /* content.js in Resources */,
				13564CC22B0BEEEA007E905E /* popup.js in Resources */,
			);
			runOnlyForDeploymentPostprocessing = 0;
		};
/* End PBXResourcesBuildPhase section */

/* Begin PBXSourcesBuildPhase section */
		13564CCE2B11EF3A007E905E /* Sources */ = {
			isa = PBXSourcesBuildPhase;
			buildActionMask = 2147483647;
			files = (
				13564CD72B11EF3A007E905E /* Web_Time_MachineUITestsLaunchTests.swift in Sources */,
				13564CD52B11EF3A007E905E /* Web_Time_MachineUITests.swift in Sources */,
			);
			runOnlyForDeploymentPostprocessing = 0;
		};
		137F0D582AF9C7F700277A9C /* Sources */ = {
			isa = PBXSourcesBuildPhase;
			buildActionMask = 2147483647;
			files = (
				137F0D942AF9C7F700277A9C /* ViewController.swift in Sources */,
				137F0D602AF9C7F700277A9C /* AppDelegate.swift in Sources */,
				137F0D622AF9C7F700277A9C /* SceneDelegate.swift in Sources */,
			);
			runOnlyForDeploymentPostprocessing = 0;
		};
		137F0D6A2AF9C7F700277A9C /* Sources */ = {
			isa = PBXSourcesBuildPhase;
			buildActionMask = 2147483647;
			files = (
				137F0D952AF9C7F700277A9C /* ViewController.swift in Sources */,
				137F0D712AF9C7F700277A9C /* AppDelegate.swift in Sources */,
			);
			runOnlyForDeploymentPostprocessing = 0;
		};
		137F0D772AF9C7F700277A9C /* Sources */ = {
			isa = PBXSourcesBuildPhase;
			buildActionMask = 2147483647;
			files = (
				13564CB82B0BEE7F007E905E /* SafariWebExtensionHandler.swift in Sources */,
			);
			runOnlyForDeploymentPostprocessing = 0;
		};
		137F0D812AF9C7F700277A9C /* Sources */ = {
			isa = PBXSourcesBuildPhase;
			buildActionMask = 2147483647;
			files = (
				13564CB92B0BEE7F007E905E /* SafariWebExtensionHandler.swift in Sources */,
			);
			runOnlyForDeploymentPostprocessing = 0;
		};
/* End PBXSourcesBuildPhase section */

/* Begin PBXTargetDependency section */
		13564CD92B11EF3A007E905E /* PBXTargetDependency */ = {
			isa = PBXTargetDependency;
			target = 137F0D5B2AF9C7F700277A9C /* Web Time Machine (iOS) */;
			targetProxy = 13564CD82B11EF3A007E905E /* PBXContainerItemProxy */;
		};
		137F0D7E2AF9C7F700277A9C /* PBXTargetDependency */ = {
			isa = PBXTargetDependency;
			target = 137F0D7A2AF9C7F700277A9C /* Web Time Machine Extension (iOS) */;
			targetProxy = 137F0D7D2AF9C7F700277A9C /* PBXContainerItemProxy */;
		};
		137F0D882AF9C7F700277A9C /* PBXTargetDependency */ = {
			isa = PBXTargetDependency;
			target = 137F0D842AF9C7F700277A9C /* Web Time Machine Extension (macOS) */;
			targetProxy = 137F0D872AF9C7F700277A9C /* PBXContainerItemProxy */;
		};
/* End PBXTargetDependency section */

/* Begin PBXVariantGroup section */
		137F0D4F2AF9C7F500277A9C /* Main.html */ = {
			isa = PBXVariantGroup;
			children = (
				137F0D502AF9C7F500277A9C /* Base */,
			);
			name = Main.html;
			sourceTree = "<group>";
		};
		137F0D632AF9C7F700277A9C /* LaunchScreen.storyboard */ = {
			isa = PBXVariantGroup;
			children = (
				137F0D642AF9C7F700277A9C /* Base */,
			);
			name = LaunchScreen.storyboard;
			sourceTree = "<group>";
		};
		137F0D662AF9C7F700277A9C /* Main.storyboard */ = {
			isa = PBXVariantGroup;
			children = (
				137F0D672AF9C7F700277A9C /* Base */,
			);
			name = Main.storyboard;
			sourceTree = "<group>";
		};
		137F0D722AF9C7F700277A9C /* Main.storyboard */ = {
			isa = PBXVariantGroup;
			children = (
				137F0D732AF9C7F700277A9C /* Base */,
			);
			name = Main.storyboard;
			sourceTree = "<group>";
		};
/* End PBXVariantGroup section */

/* Begin XCBuildConfiguration section */
		13564CDB2B11EF3B007E905E /* Debug */ = {
			isa = XCBuildConfiguration;
			buildSettings = {
				CODE_SIGN_STYLE = Automatic;
				CURRENT_PROJECT_VERSION = 1;
				DEVELOPMENT_TEAM = L7B5V7W6H3;
				GENERATE_INFOPLIST_FILE = YES;
				IPHONEOS_DEPLOYMENT_TARGET = 16.2;
				MARKETING_VERSION = 1.0;
				PRODUCT_BUNDLE_IDENTIFIER = "eef.Web-Time-MachineUITests";
				PRODUCT_NAME = "$(TARGET_NAME)";
				SDKROOT = iphoneos;
				SWIFT_EMIT_LOC_STRINGS = NO;
				SWIFT_VERSION = 5.0;
				TARGETED_DEVICE_FAMILY = "1,2";
				TEST_TARGET_NAME = "Web Time Machine (iOS)";
			};
			name = Debug;
		};
		13564CDC2B11EF3B007E905E /* Release */ = {
			isa = XCBuildConfiguration;
			buildSettings = {
				CODE_SIGN_STYLE = Automatic;
				CURRENT_PROJECT_VERSION = 1;
				DEVELOPMENT_TEAM = L7B5V7W6H3;
				GENERATE_INFOPLIST_FILE = YES;
				IPHONEOS_DEPLOYMENT_TARGET = 16.2;
				MARKETING_VERSION = 1.0;
				PRODUCT_BUNDLE_IDENTIFIER = "eef.Web-Time-MachineUITests";
				PRODUCT_NAME = "$(TARGET_NAME)";
				SDKROOT = iphoneos;
				SWIFT_EMIT_LOC_STRINGS = NO;
				SWIFT_VERSION = 5.0;
				TARGETED_DEVICE_FAMILY = "1,2";
				TEST_TARGET_NAME = "Web Time Machine (iOS)";
				VALIDATE_PRODUCT = YES;
			};
			name = Release;
		};
		137F0D9A2AF9C7F700277A9C /* Debug */ = {
			isa = XCBuildConfiguration;
			buildSettings = {
				ALWAYS_SEARCH_USER_PATHS = NO;
				ASSETCATALOG_COMPILER_GENERATE_SWIFT_ASSET_SYMBOL_EXTENSIONS = YES;
				CLANG_ANALYZER_NONNULL = YES;
				CLANG_ANALYZER_NUMBER_OBJECT_CONVERSION = YES_AGGRESSIVE;
				CLANG_CXX_LANGUAGE_STANDARD = "gnu++20";
				CLANG_ENABLE_MODULES = YES;
				CLANG_ENABLE_OBJC_ARC = YES;
				CLANG_ENABLE_OBJC_WEAK = YES;
				CLANG_WARN_BLOCK_CAPTURE_AUTORELEASING = YES;
				CLANG_WARN_BOOL_CONVERSION = YES;
				CLANG_WARN_COMMA = YES;
				CLANG_WARN_CONSTANT_CONVERSION = YES;
				CLANG_WARN_DEPRECATED_OBJC_IMPLEMENTATIONS = YES;
				CLANG_WARN_DIRECT_OBJC_ISA_USAGE = YES_ERROR;
				CLANG_WARN_DOCUMENTATION_COMMENTS = YES;
				CLANG_WARN_EMPTY_BODY = YES;
				CLANG_WARN_ENUM_CONVERSION = YES;
				CLANG_WARN_INFINITE_RECURSION = YES;
				CLANG_WARN_INT_CONVERSION = YES;
				CLANG_WARN_NON_LITERAL_NULL_CONVERSION = YES;
				CLANG_WARN_OBJC_IMPLICIT_RETAIN_SELF = YES;
				CLANG_WARN_OBJC_LITERAL_CONVERSION = YES;
				CLANG_WARN_OBJC_ROOT_CLASS = YES_ERROR;
				CLANG_WARN_QUOTED_INCLUDE_IN_FRAMEWORK_HEADER = YES;
				CLANG_WARN_RANGE_LOOP_ANALYSIS = YES;
				CLANG_WARN_STRICT_PROTOTYPES = YES;
				CLANG_WARN_SUSPICIOUS_MOVE = YES;
				CLANG_WARN_UNGUARDED_AVAILABILITY = YES_AGGRESSIVE;
				CLANG_WARN_UNREACHABLE_CODE = YES;
				CLANG_WARN__DUPLICATE_METHOD_MATCH = YES;
				COPY_PHASE_STRIP = NO;
				DEBUG_INFORMATION_FORMAT = dwarf;
				ENABLE_STRICT_OBJC_MSGSEND = YES;
				ENABLE_TESTABILITY = YES;
				ENABLE_USER_SCRIPT_SANDBOXING = YES;
				GCC_C_LANGUAGE_STANDARD = gnu17;
				GCC_DYNAMIC_NO_PIC = NO;
				GCC_NO_COMMON_BLOCKS = YES;
				GCC_OPTIMIZATION_LEVEL = 0;
				GCC_PREPROCESSOR_DEFINITIONS = (
					"DEBUG=1",
					"$(inherited)",
				);
				GCC_WARN_64_TO_32_BIT_CONVERSION = YES;
				GCC_WARN_ABOUT_RETURN_TYPE = YES_ERROR;
				GCC_WARN_UNDECLARED_SELECTOR = YES;
				GCC_WARN_UNINITIALIZED_AUTOS = YES_AGGRESSIVE;
				GCC_WARN_UNUSED_FUNCTION = YES;
				GCC_WARN_UNUSED_VARIABLE = YES;
				LOCALIZATION_PREFERS_STRING_CATALOGS = YES;
				MTL_ENABLE_DEBUG_INFO = INCLUDE_SOURCE;
				MTL_FAST_MATH = YES;
				ONLY_ACTIVE_ARCH = YES;
				SWIFT_ACTIVE_COMPILATION_CONDITIONS = "DEBUG $(inherited)";
				SWIFT_OPTIMIZATION_LEVEL = "-Onone";
			};
			name = Debug;
		};
		137F0D9B2AF9C7F700277A9C /* Release */ = {
			isa = XCBuildConfiguration;
			buildSettings = {
				ALWAYS_SEARCH_USER_PATHS = NO;
				ASSETCATALOG_COMPILER_GENERATE_SWIFT_ASSET_SYMBOL_EXTENSIONS = YES;
				CLANG_ANALYZER_NONNULL = YES;
				CLANG_ANALYZER_NUMBER_OBJECT_CONVERSION = YES_AGGRESSIVE;
				CLANG_CXX_LANGUAGE_STANDARD = "gnu++20";
				CLANG_ENABLE_MODULES = YES;
				CLANG_ENABLE_OBJC_ARC = YES;
				CLANG_ENABLE_OBJC_WEAK = YES;
				CLANG_WARN_BLOCK_CAPTURE_AUTORELEASING = YES;
				CLANG_WARN_BOOL_CONVERSION = YES;
				CLANG_WARN_COMMA = YES;
				CLANG_WARN_CONSTANT_CONVERSION = YES;
				CLANG_WARN_DEPRECATED_OBJC_IMPLEMENTATIONS = YES;
				CLANG_WARN_DIRECT_OBJC_ISA_USAGE = YES_ERROR;
				CLANG_WARN_DOCUMENTATION_COMMENTS = YES;
				CLANG_WARN_EMPTY_BODY = YES;
				CLANG_WARN_ENUM_CONVERSION = YES;
				CLANG_WARN_INFINITE_RECURSION = YES;
				CLANG_WARN_INT_CONVERSION = YES;
				CLANG_WARN_NON_LITERAL_NULL_CONVERSION = YES;
				CLANG_WARN_OBJC_IMPLICIT_RETAIN_SELF = YES;
				CLANG_WARN_OBJC_LITERAL_CONVERSION = YES;
				CLANG_WARN_OBJC_ROOT_CLASS = YES_ERROR;
				CLANG_WARN_QUOTED_INCLUDE_IN_FRAMEWORK_HEADER = YES;
				CLANG_WARN_RANGE_LOOP_ANALYSIS = YES;
				CLANG_WARN_STRICT_PROTOTYPES = YES;
				CLANG_WARN_SUSPICIOUS_MOVE = YES;
				CLANG_WARN_UNGUARDED_AVAILABILITY = YES_AGGRESSIVE;
				CLANG_WARN_UNREACHABLE_CODE = YES;
				CLANG_WARN__DUPLICATE_METHOD_MATCH = YES;
				COPY_PHASE_STRIP = NO;
				DEBUG_INFORMATION_FORMAT = "dwarf-with-dsym";
				ENABLE_NS_ASSERTIONS = NO;
				ENABLE_STRICT_OBJC_MSGSEND = YES;
				ENABLE_USER_SCRIPT_SANDBOXING = YES;
				GCC_C_LANGUAGE_STANDARD = gnu17;
				GCC_NO_COMMON_BLOCKS = YES;
				GCC_WARN_64_TO_32_BIT_CONVERSION = YES;
				GCC_WARN_ABOUT_RETURN_TYPE = YES_ERROR;
				GCC_WARN_UNDECLARED_SELECTOR = YES;
				GCC_WARN_UNINITIALIZED_AUTOS = YES_AGGRESSIVE;
				GCC_WARN_UNUSED_FUNCTION = YES;
				GCC_WARN_UNUSED_VARIABLE = YES;
				LOCALIZATION_PREFERS_STRING_CATALOGS = YES;
				MTL_ENABLE_DEBUG_INFO = NO;
				MTL_FAST_MATH = YES;
				SWIFT_COMPILATION_MODE = wholemodule;
			};
			name = Release;
		};
		137F0D9D2AF9C7F700277A9C /* Debug */ = {
			isa = XCBuildConfiguration;
			buildSettings = {
				CODE_SIGN_IDENTITY = "Apple Development";
				"CODE_SIGN_IDENTITY[sdk=iphoneos*]" = "iPhone Developer";
				CODE_SIGN_STYLE = Manual;
				CURRENT_PROJECT_VERSION = 1;
				DEVELOPMENT_TEAM = "";
				"DEVELOPMENT_TEAM[sdk=iphoneos*]" = L7B5V7W6H3;
				GENERATE_INFOPLIST_FILE = YES;
				INFOPLIST_FILE = "iOS (Extension)/Info.plist";
				INFOPLIST_KEY_CFBundleDisplayName = "Web Time Machine Extension";
				INFOPLIST_KEY_NSHumanReadableCopyright = "";
				IPHONEOS_DEPLOYMENT_TARGET = 15.0;
				LD_RUNPATH_SEARCH_PATHS = (
					"$(inherited)",
					"@executable_path/Frameworks",
					"@executable_path/../../Frameworks",
				);
				MARKETING_VERSION = 1.0;
				OTHER_LDFLAGS = (
					"-framework",
					SafariServices,
				);
				PRODUCT_BUNDLE_IDENTIFIER = "com.yourCompany.Web-Time-Machine.Extension";
				PRODUCT_NAME = "Web Time Machine Extension";
				PROVISIONING_PROFILE_SPECIFIER = "";
				"PROVISIONING_PROFILE_SPECIFIER[sdk=iphoneos*]" = "match Development com.yourCompany.Web-Time-Machine.Extension";
				SDKROOT = iphoneos;
				SKIP_INSTALL = YES;
				SWIFT_EMIT_LOC_STRINGS = YES;
				SWIFT_VERSION = 5.0;
				TARGETED_DEVICE_FAMILY = "1,2";
			};
			name = Debug;
		};
		137F0D9E2AF9C7F700277A9C /* Release */ = {
			isa = XCBuildConfiguration;
			buildSettings = {
				CODE_SIGN_IDENTITY = "Apple Development";
				"CODE_SIGN_IDENTITY[sdk=iphoneos*]" = "iPhone Developer";
				CODE_SIGN_STYLE = Manual;
				CURRENT_PROJECT_VERSION = 1;
				DEVELOPMENT_TEAM = "";
				"DEVELOPMENT_TEAM[sdk=iphoneos*]" = L7B5V7W6H3;
				GENERATE_INFOPLIST_FILE = YES;
				INFOPLIST_FILE = "iOS (Extension)/Info.plist";
				INFOPLIST_KEY_CFBundleDisplayName = "Web Time Machine Extension";
				INFOPLIST_KEY_NSHumanReadableCopyright = "";
				IPHONEOS_DEPLOYMENT_TARGET = 15.0;
				LD_RUNPATH_SEARCH_PATHS = (
					"$(inherited)",
					"@executable_path/Frameworks",
					"@executable_path/../../Frameworks",
				);
				MARKETING_VERSION = 1.0;
				OTHER_LDFLAGS = (
					"-framework",
					SafariServices,
				);
				PRODUCT_BUNDLE_IDENTIFIER = "com.yourCompany.Web-Time-Machine.Extension";
				PRODUCT_NAME = "Web Time Machine Extension";
				PROVISIONING_PROFILE_SPECIFIER = "";
				"PROVISIONING_PROFILE_SPECIFIER[sdk=iphoneos*]" = "match Development com.yourCompany.Web-Time-Machine.Extension";
				SDKROOT = iphoneos;
				SKIP_INSTALL = YES;
				SWIFT_EMIT_LOC_STRINGS = YES;
				SWIFT_VERSION = 5.0;
				TARGETED_DEVICE_FAMILY = "1,2";
				VALIDATE_PRODUCT = YES;
			};
			name = Release;
		};
		137F0DA12AF9C7F700277A9C /* Debug */ = {
			isa = XCBuildConfiguration;
			buildSettings = {
				ALWAYS_EMBED_SWIFT_STANDARD_LIBRARIES = YES;
				ASSETCATALOG_COMPILER_APPICON_NAME = AppIcon;
				ASSETCATALOG_COMPILER_GLOBAL_ACCENT_COLOR_NAME = AccentColor;
				CODE_SIGN_IDENTITY = "Apple Development";
				"CODE_SIGN_IDENTITY[sdk=iphoneos*]" = "iPhone Developer";
				CODE_SIGN_STYLE = Manual;
				CURRENT_PROJECT_VERSION = 1;
				DEVELOPMENT_TEAM = "";
				"DEVELOPMENT_TEAM[sdk=iphoneos*]" = L7B5V7W6H3;
				GENERATE_INFOPLIST_FILE = YES;
				INFOPLIST_FILE = "iOS (App)/Info.plist";
				INFOPLIST_KEY_CFBundleDisplayName = "Web Time Machine";
				INFOPLIST_KEY_UIApplicationSupportsIndirectInputEvents = YES;
				INFOPLIST_KEY_UILaunchStoryboardName = LaunchScreen;
				INFOPLIST_KEY_UIMainStoryboardFile = Main;
				INFOPLIST_KEY_UISupportedInterfaceOrientations = "UIInterfaceOrientationPortrait UIInterfaceOrientationLandscapeLeft UIInterfaceOrientationLandscapeRight";
				INFOPLIST_KEY_UISupportedInterfaceOrientations_iPad = "UIInterfaceOrientationPortrait UIInterfaceOrientationPortraitUpsideDown UIInterfaceOrientationLandscapeLeft UIInterfaceOrientationLandscapeRight";
				IPHONEOS_DEPLOYMENT_TARGET = 15.0;
				LD_RUNPATH_SEARCH_PATHS = (
					"$(inherited)",
					"@executable_path/Frameworks",
				);
				MARKETING_VERSION = 1.0;
				OTHER_LDFLAGS = (
					"-framework",
					SafariServices,
					"-framework",
					WebKit,
				);
				PRODUCT_BUNDLE_IDENTIFIER = "com.yourCompany.Web-Time-Machine";
				PRODUCT_NAME = "Web Time Machine";
				PROVISIONING_PROFILE_SPECIFIER = "";
				"PROVISIONING_PROFILE_SPECIFIER[sdk=iphoneos*]" = "match Development com.yourCompany.Web-Time-Machine";
				SDKROOT = iphoneos;
				SWIFT_EMIT_LOC_STRINGS = YES;
				SWIFT_VERSION = 5.0;
				TARGETED_DEVICE_FAMILY = "1,2";
			};
			name = Debug;
		};
		137F0DA22AF9C7F700277A9C /* Release */ = {
			isa = XCBuildConfiguration;
			buildSettings = {
				ALWAYS_EMBED_SWIFT_STANDARD_LIBRARIES = YES;
				ASSETCATALOG_COMPILER_APPICON_NAME = AppIcon;
				ASSETCATALOG_COMPILER_GLOBAL_ACCENT_COLOR_NAME = AccentColor;
				CODE_SIGN_IDENTITY = "Apple Development";
				"CODE_SIGN_IDENTITY[sdk=iphoneos*]" = "iPhone Developer";
				CODE_SIGN_STYLE = Manual;
				CURRENT_PROJECT_VERSION = 1;
				DEVELOPMENT_TEAM = "";
				"DEVELOPMENT_TEAM[sdk=iphoneos*]" = L7B5V7W6H3;
				GENERATE_INFOPLIST_FILE = YES;
				INFOPLIST_FILE = "iOS (App)/Info.plist";
				INFOPLIST_KEY_CFBundleDisplayName = "Web Time Machine";
				INFOPLIST_KEY_UIApplicationSupportsIndirectInputEvents = YES;
				INFOPLIST_KEY_UILaunchStoryboardName = LaunchScreen;
				INFOPLIST_KEY_UIMainStoryboardFile = Main;
				INFOPLIST_KEY_UISupportedInterfaceOrientations = "UIInterfaceOrientationPortrait UIInterfaceOrientationLandscapeLeft UIInterfaceOrientationLandscapeRight";
				INFOPLIST_KEY_UISupportedInterfaceOrientations_iPad = "UIInterfaceOrientationPortrait UIInterfaceOrientationPortraitUpsideDown UIInterfaceOrientationLandscapeLeft UIInterfaceOrientationLandscapeRight";
				IPHONEOS_DEPLOYMENT_TARGET = 15.0;
				LD_RUNPATH_SEARCH_PATHS = (
					"$(inherited)",
					"@executable_path/Frameworks",
				);
				MARKETING_VERSION = 1.0;
				OTHER_LDFLAGS = (
					"-framework",
					SafariServices,
					"-framework",
					WebKit,
				);
				PRODUCT_BUNDLE_IDENTIFIER = "com.yourCompany.Web-Time-Machine";
				PRODUCT_NAME = "Web Time Machine";
				PROVISIONING_PROFILE_SPECIFIER = "";
				"PROVISIONING_PROFILE_SPECIFIER[sdk=iphoneos*]" = "match Development com.yourCompany.Web-Time-Machine";
				SDKROOT = iphoneos;
				SWIFT_EMIT_LOC_STRINGS = YES;
				SWIFT_VERSION = 5.0;
				TARGETED_DEVICE_FAMILY = "1,2";
				VALIDATE_PRODUCT = YES;
			};
			name = Release;
		};
		137F0DA42AF9C7F700277A9C /* Debug */ = {
			isa = XCBuildConfiguration;
			buildSettings = {
				CODE_SIGN_ENTITLEMENTS = "macOS (Extension)/Web Time Machine.entitlements";
				CODE_SIGN_STYLE = Automatic;
				CURRENT_PROJECT_VERSION = 1;
				ENABLE_HARDENED_RUNTIME = YES;
				GENERATE_INFOPLIST_FILE = YES;
				INFOPLIST_FILE = "macOS (Extension)/Info.plist";
				INFOPLIST_KEY_CFBundleDisplayName = "Web Time Machine Extension";
				INFOPLIST_KEY_NSHumanReadableCopyright = "";
				LD_RUNPATH_SEARCH_PATHS = (
					"$(inherited)",
					"@executable_path/../Frameworks",
					"@executable_path/../../../../Frameworks",
				);
				MACOSX_DEPLOYMENT_TARGET = 10.14;
				MARKETING_VERSION = 1.0;
				OTHER_LDFLAGS = (
					"-framework",
					SafariServices,
				);
				PRODUCT_BUNDLE_IDENTIFIER = "com.yourCompany.Web-Time-Machine.Extension";
				PRODUCT_NAME = "Web Time Machine Extension";
				SDKROOT = macosx;
				SKIP_INSTALL = YES;
				SWIFT_EMIT_LOC_STRINGS = YES;
				SWIFT_VERSION = 5.0;
			};
			name = Debug;
		};
		137F0DA52AF9C7F700277A9C /* Release */ = {
			isa = XCBuildConfiguration;
			buildSettings = {
				CODE_SIGN_ENTITLEMENTS = "macOS (Extension)/Web Time Machine.entitlements";
				CODE_SIGN_STYLE = Automatic;
				CURRENT_PROJECT_VERSION = 1;
				ENABLE_HARDENED_RUNTIME = YES;
				GENERATE_INFOPLIST_FILE = YES;
				INFOPLIST_FILE = "macOS (Extension)/Info.plist";
				INFOPLIST_KEY_CFBundleDisplayName = "Web Time Machine Extension";
				INFOPLIST_KEY_NSHumanReadableCopyright = "";
				LD_RUNPATH_SEARCH_PATHS = (
					"$(inherited)",
					"@executable_path/../Frameworks",
					"@executable_path/../../../../Frameworks",
				);
				MACOSX_DEPLOYMENT_TARGET = 10.14;
				MARKETING_VERSION = 1.0;
				OTHER_LDFLAGS = (
					"-framework",
					SafariServices,
				);
				PRODUCT_BUNDLE_IDENTIFIER = "com.yourCompany.Web-Time-Machine.Extension";
				PRODUCT_NAME = "Web Time Machine Extension";
				SDKROOT = macosx;
				SKIP_INSTALL = YES;
				SWIFT_EMIT_LOC_STRINGS = YES;
				SWIFT_VERSION = 5.0;
			};
			name = Release;
		};
		137F0DA82AF9C7F700277A9C /* Debug */ = {
			isa = XCBuildConfiguration;
			buildSettings = {
				ALWAYS_EMBED_SWIFT_STANDARD_LIBRARIES = YES;
				ASSETCATALOG_COMPILER_APPICON_NAME = AppIcon;
				ASSETCATALOG_COMPILER_GLOBAL_ACCENT_COLOR_NAME = AccentColor;
				CODE_SIGN_ENTITLEMENTS = "macOS (App)/Web Time Machine.entitlements";
				CODE_SIGN_STYLE = Automatic;
				CURRENT_PROJECT_VERSION = 1;
				DEVELOPMENT_TEAM = "";
				ENABLE_HARDENED_RUNTIME = YES;
				GENERATE_INFOPLIST_FILE = YES;
				INFOPLIST_FILE = "macOS (App)/Info.plist";
				INFOPLIST_KEY_CFBundleDisplayName = "Web Time Machine";
				INFOPLIST_KEY_NSMainStoryboardFile = Main;
				INFOPLIST_KEY_NSPrincipalClass = NSApplication;
				LD_RUNPATH_SEARCH_PATHS = (
					"$(inherited)",
					"@executable_path/../Frameworks",
				);
				MACOSX_DEPLOYMENT_TARGET = 10.14;
				MARKETING_VERSION = 1.0;
				OTHER_LDFLAGS = (
					"-framework",
					SafariServices,
					"-framework",
					WebKit,
				);
				PRODUCT_BUNDLE_IDENTIFIER = "com.yourCompany.Web-Time-Machine";
				PRODUCT_NAME = "Web Time Machine";
				SDKROOT = macosx;
				SWIFT_EMIT_LOC_STRINGS = YES;
				SWIFT_VERSION = 5.0;
			};
			name = Debug;
		};
		137F0DA92AF9C7F700277A9C /* Release */ = {
			isa = XCBuildConfiguration;
			buildSettings = {
				ALWAYS_EMBED_SWIFT_STANDARD_LIBRARIES = YES;
				ASSETCATALOG_COMPILER_APPICON_NAME = AppIcon;
				ASSETCATALOG_COMPILER_GLOBAL_ACCENT_COLOR_NAME = AccentColor;
				CODE_SIGN_ENTITLEMENTS = "macOS (App)/Web Time Machine.entitlements";
				CODE_SIGN_STYLE = Automatic;
				CURRENT_PROJECT_VERSION = 1;
				DEVELOPMENT_TEAM = "";
				ENABLE_HARDENED_RUNTIME = YES;
				GENERATE_INFOPLIST_FILE = YES;
				INFOPLIST_FILE = "macOS (App)/Info.plist";
				INFOPLIST_KEY_CFBundleDisplayName = "Web Time Machine";
				INFOPLIST_KEY_NSMainStoryboardFile = Main;
				INFOPLIST_KEY_NSPrincipalClass = NSApplication;
				LD_RUNPATH_SEARCH_PATHS = (
					"$(inherited)",
					"@executable_path/../Frameworks",
				);
				MACOSX_DEPLOYMENT_TARGET = 10.14;
				MARKETING_VERSION = 1.0;
				OTHER_LDFLAGS = (
					"-framework",
					SafariServices,
					"-framework",
					WebKit,
				);
				PRODUCT_BUNDLE_IDENTIFIER = "com.yourCompany.Web-Time-Machine";
				PRODUCT_NAME = "Web Time Machine";
				SDKROOT = macosx;
				SWIFT_EMIT_LOC_STRINGS = YES;
				SWIFT_VERSION = 5.0;
			};
			name = Release;
		};
/* End XCBuildConfiguration section */

/* Begin XCConfigurationList section */
		13564CDA2B11EF3B007E905E /* Build configuration list for PBXNativeTarget "Web Time MachineUITests" */ = {
			isa = XCConfigurationList;
			buildConfigurations = (
				13564CDB2B11EF3B007E905E /* Debug */,
				13564CDC2B11EF3B007E905E /* Release */,
			);
			defaultConfigurationIsVisible = 0;
			defaultConfigurationName = Release;
		};
		137F0D4C2AF9C7F500277A9C /* Build configuration list for PBXProject "Web Time Machine" */ = {
			isa = XCConfigurationList;
			buildConfigurations = (
				137F0D9A2AF9C7F700277A9C /* Debug */,
				137F0D9B2AF9C7F700277A9C /* Release */,
			);
			defaultConfigurationIsVisible = 0;
			defaultConfigurationName = Release;
		};
		137F0D9C2AF9C7F700277A9C /* Build configuration list for PBXNativeTarget "Web Time Machine Extension (iOS)" */ = {
			isa = XCConfigurationList;
			buildConfigurations = (
				137F0D9D2AF9C7F700277A9C /* Debug */,
				137F0D9E2AF9C7F700277A9C /* Release */,
			);
			defaultConfigurationIsVisible = 0;
			defaultConfigurationName = Release;
		};
		137F0DA02AF9C7F700277A9C /* Build configuration list for PBXNativeTarget "Web Time Machine (iOS)" */ = {
			isa = XCConfigurationList;
			buildConfigurations = (
				137F0DA12AF9C7F700277A9C /* Debug */,
				137F0DA22AF9C7F700277A9C /* Release */,
			);
			defaultConfigurationIsVisible = 0;
			defaultConfigurationName = Release;
		};
		137F0DA32AF9C7F700277A9C /* Build configuration list for PBXNativeTarget "Web Time Machine Extension (macOS)" */ = {
			isa = XCConfigurationList;
			buildConfigurations = (
				137F0DA42AF9C7F700277A9C /* Debug */,
				137F0DA52AF9C7F700277A9C /* Release */,
			);
			defaultConfigurationIsVisible = 0;
			defaultConfigurationName = Release;
		};
		137F0DA72AF9C7F700277A9C /* Build configuration list for PBXNativeTarget "Web Time Machine (macOS)" */ = {
			isa = XCConfigurationList;
			buildConfigurations = (
				137F0DA82AF9C7F700277A9C /* Debug */,
				137F0DA92AF9C7F700277A9C /* Release */,
			);
			defaultConfigurationIsVisible = 0;
			defaultConfigurationName = Release;
		};
/* End XCConfigurationList section */
	};
	rootObject = 137F0D492AF9C7F500277A9C /* Project object */;
}
