// !$*UTF8*$!
{
	archiveVersion = 1;
	classes = {
	};
	objectVersion = 56;
	objects = {

/* Begin PBXBuildFile section */
		ED48B9682C335434000F8B07 /* AppDelegate.swift in Sources */ = {isa = PBXBuildFile; fileRef = ED48B9672C335434000F8B07 /* AppDelegate.swift */; };
		ED48B96A2C335434000F8B07 /* SceneDelegate.swift in Sources */ = {isa = PBXBuildFile; fileRef = ED48B9692C335434000F8B07 /* SceneDelegate.swift */; };
		ED48B96D2C335434000F8B07 /* Base in Resources */ = {isa = PBXBuildFile; fileRef = ED48B96C2C335434000F8B07 /* Base */; };
		ED48B9702C335434000F8B07 /* Base in Resources */ = {isa = PBXBuildFile; fileRef = ED48B96F2C335434000F8B07 /* Base */; };
		ED48B9792C335434000F8B07 /* AppDelegate.swift in Sources */ = {isa = PBXBuildFile; fileRef = ED48B9782C335434000F8B07 /* AppDelegate.swift */; };
		ED48B97C2C335434000F8B07 /* Base in Resources */ = {isa = PBXBuildFile; fileRef = ED48B97B2C335434000F8B07 /* Base */; };
		ED48B9842C335434000F8B07 /* wtm Extension.appex in Embed Foundation Extensions */ = {isa = PBXBuildFile; fileRef = ED48B9832C335434000F8B07 /* wtm Extension.appex */; settings = {ATTRIBUTES = (RemoveHeadersOnCopy, ); }; };
		ED48B98E2C335434000F8B07 /* wtm Extension.appex in Embed Foundation Extensions */ = {isa = PBXBuildFile; fileRef = ED48B98D2C335434000F8B07 /* wtm Extension.appex */; settings = {ATTRIBUTES = (RemoveHeadersOnCopy, ); }; };
		ED48B9942C335434000F8B07 /* Base in Resources */ = {isa = PBXBuildFile; fileRef = ED48B9582C335431000F8B07 /* Base */; };
		ED48B9952C335434000F8B07 /* Base in Resources */ = {isa = PBXBuildFile; fileRef = ED48B9582C335431000F8B07 /* Base */; };
		ED48B9962C335434000F8B07 /* Icon.png in Resources */ = {isa = PBXBuildFile; fileRef = ED48B9592C335431000F8B07 /* Icon.png */; };
		ED48B9972C335434000F8B07 /* Icon.png in Resources */ = {isa = PBXBuildFile; fileRef = ED48B9592C335431000F8B07 /* Icon.png */; };
		ED48B9982C335434000F8B07 /* Style.css in Resources */ = {isa = PBXBuildFile; fileRef = ED48B95A2C335431000F8B07 /* Style.css */; };
		ED48B9992C335434000F8B07 /* Style.css in Resources */ = {isa = PBXBuildFile; fileRef = ED48B95A2C335431000F8B07 /* Style.css */; };
		ED48B99A2C335434000F8B07 /* Script.js in Resources */ = {isa = PBXBuildFile; fileRef = ED48B95B2C335431000F8B07 /* Script.js */; };
		ED48B99B2C335434000F8B07 /* Script.js in Resources */ = {isa = PBXBuildFile; fileRef = ED48B95B2C335431000F8B07 /* Script.js */; };
		ED48B99C2C335434000F8B07 /* ViewController.swift in Sources */ = {isa = PBXBuildFile; fileRef = ED48B95C2C335431000F8B07 /* ViewController.swift */; };
		ED48B99D2C335434000F8B07 /* ViewController.swift in Sources */ = {isa = PBXBuildFile; fileRef = ED48B95C2C335431000F8B07 /* ViewController.swift */; };
		ED48B99E2C335434000F8B07 /* Assets.xcassets in Resources */ = {isa = PBXBuildFile; fileRef = ED48B95D2C335434000F8B07 /* Assets.xcassets */; };
		ED48B99F2C335434000F8B07 /* Assets.xcassets in Resources */ = {isa = PBXBuildFile; fileRef = ED48B95D2C335434000F8B07 /* Assets.xcassets */; };
		ED48B9A02C335434000F8B07 /* SafariWebExtensionHandler.swift in Sources */ = {isa = PBXBuildFile; fileRef = ED48B95F2C335434000F8B07 /* SafariWebExtensionHandler.swift */; };
		ED48B9A12C335434000F8B07 /* SafariWebExtensionHandler.swift in Sources */ = {isa = PBXBuildFile; fileRef = ED48B95F2C335434000F8B07 /* SafariWebExtensionHandler.swift */; };
		ED48B9C72C335435000F8B07 /* app-icon-grayscale-64.png in Resources */ = {isa = PBXBuildFile; fileRef = ED48B9B32C335435000F8B07 /* app-icon-grayscale-64.png */; };
		ED48B9C82C335435000F8B07 /* app-icon-48.png in Resources */ = {isa = PBXBuildFile; fileRef = ED48B9B42C335435000F8B07 /* app-icon-48.png */; };
		ED48B9C92C335435000F8B07 /* popup.js in Resources */ = {isa = PBXBuildFile; fileRef = ED48B9B52C335435000F8B07 /* popup.js */; };
		ED48B9CA2C335435000F8B07 /* index.html in Resources */ = {isa = PBXBuildFile; fileRef = ED48B9B62C335435000F8B07 /* index.html */; };
		ED48B9CB2C335435000F8B07 /* app-icon-64.png in Resources */ = {isa = PBXBuildFile; fileRef = ED48B9B72C335435000F8B07 /* app-icon-64.png */; };
		ED48B9CC2C335435000F8B07 /* app-icon-grayscale-48.png in Resources */ = {isa = PBXBuildFile; fileRef = ED48B9B82C335435000F8B07 /* app-icon-grayscale-48.png */; };
		ED48B9CD2C335435000F8B07 /* background.js in Resources */ = {isa = PBXBuildFile; fileRef = ED48B9B92C335435000F8B07 /* background.js */; };
		ED48B9CE2C335435000F8B07 /* app-icon-128.png in Resources */ = {isa = PBXBuildFile; fileRef = ED48B9BA2C335435000F8B07 /* app-icon-128.png */; };
		ED48B9CF2C335435000F8B07 /* app-icon-16.png in Resources */ = {isa = PBXBuildFile; fileRef = ED48B9BB2C335435000F8B07 /* app-icon-16.png */; };
		ED48B9D02C335435000F8B07 /* app-icon-grayscale-16.png in Resources */ = {isa = PBXBuildFile; fileRef = ED48B9BC2C335435000F8B07 /* app-icon-grayscale-16.png */; };
		ED48B9D12C335435000F8B07 /* index.css in Resources */ = {isa = PBXBuildFile; fileRef = ED48B9BD2C335435000F8B07 /* index.css */; };
		ED48B9D22C335435000F8B07 /* chunks in Resources */ = {isa = PBXBuildFile; fileRef = ED48B9BE2C335435000F8B07 /* chunks */; };
		ED48B9D32C335435000F8B07 /* app-icon-grayscale-32.png in Resources */ = {isa = PBXBuildFile; fileRef = ED48B9BF2C335435000F8B07 /* app-icon-grayscale-32.png */; };
		ED48B9D42C335435000F8B07 /* app-icon.png in Resources */ = {isa = PBXBuildFile; fileRef = ED48B9C02C335435000F8B07 /* app-icon.png */; };
		ED48B9D52C335435000F8B07 /* app-icon-32.png in Resources */ = {isa = PBXBuildFile; fileRef = ED48B9C12C335435000F8B07 /* app-icon-32.png */; };
		ED48B9D62C335435000F8B07 /* manifest.json in Resources */ = {isa = PBXBuildFile; fileRef = ED48B9C22C335435000F8B07 /* manifest.json */; };
		ED48B9D72C335435000F8B07 /* app-icon-grayscale.png in Resources */ = {isa = PBXBuildFile; fileRef = ED48B9C32C335435000F8B07 /* app-icon-grayscale.png */; };
		ED48B9D82C335435000F8B07 /* app-icon-grayscale-128.png in Resources */ = {isa = PBXBuildFile; fileRef = ED48B9C42C335435000F8B07 /* app-icon-grayscale-128.png */; };
		ED48B9D92C335435000F8B07 /* content.js in Resources */ = {isa = PBXBuildFile; fileRef = ED48B9C52C335435000F8B07 /* content.js */; };
		ED48B9DA2C335435000F8B07 /* content.ts-loader.js in Resources */ = {isa = PBXBuildFile; fileRef = ED48B9C62C335435000F8B07 /* content.ts-loader.js */; };
		ED48B9DB2C335435000F8B07 /* app-icon-grayscale-64.png in Resources */ = {isa = PBXBuildFile; fileRef = ED48B9B32C335435000F8B07 /* app-icon-grayscale-64.png */; };
		ED48B9DC2C335435000F8B07 /* app-icon-48.png in Resources */ = {isa = PBXBuildFile; fileRef = ED48B9B42C335435000F8B07 /* app-icon-48.png */; };
		ED48B9DD2C335435000F8B07 /* popup.js in Resources */ = {isa = PBXBuildFile; fileRef = ED48B9B52C335435000F8B07 /* popup.js */; };
		ED48B9DE2C335435000F8B07 /* index.html in Resources */ = {isa = PBXBuildFile; fileRef = ED48B9B62C335435000F8B07 /* index.html */; };
		ED48B9DF2C335435000F8B07 /* app-icon-64.png in Resources */ = {isa = PBXBuildFile; fileRef = ED48B9B72C335435000F8B07 /* app-icon-64.png */; };
		ED48B9E02C335435000F8B07 /* app-icon-grayscale-48.png in Resources */ = {isa = PBXBuildFile; fileRef = ED48B9B82C335435000F8B07 /* app-icon-grayscale-48.png */; };
		ED48B9E12C335435000F8B07 /* background.js in Resources */ = {isa = PBXBuildFile; fileRef = ED48B9B92C335435000F8B07 /* background.js */; };
		ED48B9E22C335435000F8B07 /* app-icon-128.png in Resources */ = {isa = PBXBuildFile; fileRef = ED48B9BA2C335435000F8B07 /* app-icon-128.png */; };
		ED48B9E32C335435000F8B07 /* app-icon-16.png in Resources */ = {isa = PBXBuildFile; fileRef = ED48B9BB2C335435000F8B07 /* app-icon-16.png */; };
		ED48B9E42C335435000F8B07 /* app-icon-grayscale-16.png in Resources */ = {isa = PBXBuildFile; fileRef = ED48B9BC2C335435000F8B07 /* app-icon-grayscale-16.png */; };
		ED48B9E52C335435000F8B07 /* index.css in Resources */ = {isa = PBXBuildFile; fileRef = ED48B9BD2C335435000F8B07 /* index.css */; };
		ED48B9E62C335435000F8B07 /* chunks in Resources */ = {isa = PBXBuildFile; fileRef = ED48B9BE2C335435000F8B07 /* chunks */; };
		ED48B9E72C335435000F8B07 /* app-icon-grayscale-32.png in Resources */ = {isa = PBXBuildFile; fileRef = ED48B9BF2C335435000F8B07 /* app-icon-grayscale-32.png */; };
		ED48B9E82C335435000F8B07 /* app-icon.png in Resources */ = {isa = PBXBuildFile; fileRef = ED48B9C02C335435000F8B07 /* app-icon.png */; };
		ED48B9E92C335435000F8B07 /* app-icon-32.png in Resources */ = {isa = PBXBuildFile; fileRef = ED48B9C12C335435000F8B07 /* app-icon-32.png */; };
		ED48B9EA2C335435000F8B07 /* manifest.json in Resources */ = {isa = PBXBuildFile; fileRef = ED48B9C22C335435000F8B07 /* manifest.json */; };
		ED48B9EB2C335435000F8B07 /* app-icon-grayscale.png in Resources */ = {isa = PBXBuildFile; fileRef = ED48B9C32C335435000F8B07 /* app-icon-grayscale.png */; };
		ED48B9EC2C335435000F8B07 /* app-icon-grayscale-128.png in Resources */ = {isa = PBXBuildFile; fileRef = ED48B9C42C335435000F8B07 /* app-icon-grayscale-128.png */; };
		ED48B9ED2C335435000F8B07 /* content.js in Resources */ = {isa = PBXBuildFile; fileRef = ED48B9C52C335435000F8B07 /* content.js */; };
		ED48B9EE2C335435000F8B07 /* content.ts-loader.js in Resources */ = {isa = PBXBuildFile; fileRef = ED48B9C62C335435000F8B07 /* content.ts-loader.js */; };
/* End PBXBuildFile section */

/* Begin PBXContainerItemProxy section */
		ED48B9852C335434000F8B07 /* PBXContainerItemProxy */ = {
			isa = PBXContainerItemProxy;
			containerPortal = ED48B9512C335430000F8B07 /* Project object */;
			proxyType = 1;
			remoteGlobalIDString = ED48B9822C335434000F8B07;
			remoteInfo = "wtm Extension (iOS)";
		};
		ED48B98F2C335434000F8B07 /* PBXContainerItemProxy */ = {
			isa = PBXContainerItemProxy;
			containerPortal = ED48B9512C335430000F8B07 /* Project object */;
			proxyType = 1;
			remoteGlobalIDString = ED48B98C2C335434000F8B07;
			remoteInfo = "wtm Extension (macOS)";
		};
/* End PBXContainerItemProxy section */

/* Begin PBXCopyFilesBuildPhase section */
		ED48B9A72C335434000F8B07 /* Embed Foundation Extensions */ = {
			isa = PBXCopyFilesBuildPhase;
			buildActionMask = 2147483647;
			dstPath = "";
			dstSubfolderSpec = 13;
			files = (
				ED48B9842C335434000F8B07 /* wtm Extension.appex in Embed Foundation Extensions */,
			);
			name = "Embed Foundation Extensions";
			runOnlyForDeploymentPostprocessing = 0;
		};
		ED48B9AE2C335434000F8B07 /* Embed Foundation Extensions */ = {
			isa = PBXCopyFilesBuildPhase;
			buildActionMask = 2147483647;
			dstPath = "";
			dstSubfolderSpec = 13;
			files = (
				ED48B98E2C335434000F8B07 /* wtm Extension.appex in Embed Foundation Extensions */,
			);
			name = "Embed Foundation Extensions";
			runOnlyForDeploymentPostprocessing = 0;
		};
/* End PBXCopyFilesBuildPhase section */

/* Begin PBXFileReference section */
		ED48B9582C335431000F8B07 /* Base */ = {isa = PBXFileReference; lastKnownFileType = text.html; name = Base; path = ../Base.lproj/Main.html; sourceTree = "<group>"; };
		ED48B9592C335431000F8B07 /* Icon.png */ = {isa = PBXFileReference; lastKnownFileType = image.png; path = Icon.png; sourceTree = "<group>"; };
		ED48B95A2C335431000F8B07 /* Style.css */ = {isa = PBXFileReference; lastKnownFileType = text.css; path = Style.css; sourceTree = "<group>"; };
		ED48B95B2C335431000F8B07 /* Script.js */ = {isa = PBXFileReference; lastKnownFileType = sourcecode.javascript; path = Script.js; sourceTree = "<group>"; };
		ED48B95C2C335431000F8B07 /* ViewController.swift */ = {isa = PBXFileReference; lastKnownFileType = sourcecode.swift; path = ViewController.swift; sourceTree = "<group>"; };
		ED48B95D2C335434000F8B07 /* Assets.xcassets */ = {isa = PBXFileReference; lastKnownFileType = folder.assetcatalog; path = Assets.xcassets; sourceTree = "<group>"; };
		ED48B95F2C335434000F8B07 /* SafariWebExtensionHandler.swift */ = {isa = PBXFileReference; lastKnownFileType = sourcecode.swift; path = SafariWebExtensionHandler.swift; sourceTree = "<group>"; };
		ED48B9642C335434000F8B07 /* wtm.app */ = {isa = PBXFileReference; explicitFileType = wrapper.application; includeInIndex = 0; path = wtm.app; sourceTree = BUILT_PRODUCTS_DIR; };
		ED48B9672C335434000F8B07 /* AppDelegate.swift */ = {isa = PBXFileReference; lastKnownFileType = sourcecode.swift; path = AppDelegate.swift; sourceTree = "<group>"; };
		ED48B9692C335434000F8B07 /* SceneDelegate.swift */ = {isa = PBXFileReference; lastKnownFileType = sourcecode.swift; path = SceneDelegate.swift; sourceTree = "<group>"; };
		ED48B96C2C335434000F8B07 /* Base */ = {isa = PBXFileReference; lastKnownFileType = file.storyboard; name = Base; path = Base.lproj/LaunchScreen.storyboard; sourceTree = "<group>"; };
		ED48B96F2C335434000F8B07 /* Base */ = {isa = PBXFileReference; lastKnownFileType = file.storyboard; name = Base; path = Base.lproj/Main.storyboard; sourceTree = "<group>"; };
		ED48B9712C335434000F8B07 /* Info.plist */ = {isa = PBXFileReference; lastKnownFileType = text.plist.xml; path = Info.plist; sourceTree = "<group>"; };
		ED48B9762C335434000F8B07 /* wtm.app */ = {isa = PBXFileReference; explicitFileType = wrapper.application; includeInIndex = 0; path = wtm.app; sourceTree = BUILT_PRODUCTS_DIR; };
		ED48B9782C335434000F8B07 /* AppDelegate.swift */ = {isa = PBXFileReference; lastKnownFileType = sourcecode.swift; path = AppDelegate.swift; sourceTree = "<group>"; };
		ED48B97B2C335434000F8B07 /* Base */ = {isa = PBXFileReference; lastKnownFileType = file.storyboard; name = Base; path = Base.lproj/Main.storyboard; sourceTree = "<group>"; };
		ED48B97D2C335434000F8B07 /* Info.plist */ = {isa = PBXFileReference; lastKnownFileType = text.plist.xml; path = Info.plist; sourceTree = "<group>"; };
		ED48B97E2C335434000F8B07 /* wtm.entitlements */ = {isa = PBXFileReference; lastKnownFileType = text.plist.entitlements; path = wtm.entitlements; sourceTree = "<group>"; };
		ED48B9832C335434000F8B07 /* wtm Extension.appex */ = {isa = PBXFileReference; explicitFileType = "wrapper.app-extension"; includeInIndex = 0; path = "wtm Extension.appex"; sourceTree = BUILT_PRODUCTS_DIR; };
		ED48B9882C335434000F8B07 /* Info.plist */ = {isa = PBXFileReference; lastKnownFileType = text.plist.xml; path = Info.plist; sourceTree = "<group>"; };
		ED48B98D2C335434000F8B07 /* wtm Extension.appex */ = {isa = PBXFileReference; explicitFileType = "wrapper.app-extension"; includeInIndex = 0; path = "wtm Extension.appex"; sourceTree = BUILT_PRODUCTS_DIR; };
		ED48B9922C335434000F8B07 /* Info.plist */ = {isa = PBXFileReference; lastKnownFileType = text.plist.xml; path = Info.plist; sourceTree = "<group>"; };
		ED48B9932C335434000F8B07 /* wtm.entitlements */ = {isa = PBXFileReference; lastKnownFileType = text.plist.entitlements; path = wtm.entitlements; sourceTree = "<group>"; };
		ED48B9B32C335435000F8B07 /* app-icon-grayscale-64.png */ = {isa = PBXFileReference; lastKnownFileType = image.png; name = "app-icon-grayscale-64.png"; path = "../../../app_chrome/app-icon-grayscale-64.png"; sourceTree = "<group>"; };
		ED48B9B42C335435000F8B07 /* app-icon-48.png */ = {isa = PBXFileReference; lastKnownFileType = image.png; name = "app-icon-48.png"; path = "../../../app_chrome/app-icon-48.png"; sourceTree = "<group>"; };
		ED48B9B52C335435000F8B07 /* popup.js */ = {isa = PBXFileReference; lastKnownFileType = sourcecode.javascript; name = popup.js; path = ../../../app_chrome/popup.js; sourceTree = "<group>"; };
		ED48B9B62C335435000F8B07 /* index.html */ = {isa = PBXFileReference; lastKnownFileType = text.html; name = index.html; path = ../../../app_chrome/index.html; sourceTree = "<group>"; };
		ED48B9B72C335435000F8B07 /* app-icon-64.png */ = {isa = PBXFileReference; lastKnownFileType = image.png; name = "app-icon-64.png"; path = "../../../app_chrome/app-icon-64.png"; sourceTree = "<group>"; };
		ED48B9B82C335435000F8B07 /* app-icon-grayscale-48.png */ = {isa = PBXFileReference; lastKnownFileType = image.png; name = "app-icon-grayscale-48.png"; path = "../../../app_chrome/app-icon-grayscale-48.png"; sourceTree = "<group>"; };
		ED48B9B92C335435000F8B07 /* background.js */ = {isa = PBXFileReference; lastKnownFileType = sourcecode.javascript; name = background.js; path = ../../../app_chrome/background.js; sourceTree = "<group>"; };
		ED48B9BA2C335435000F8B07 /* app-icon-128.png */ = {isa = PBXFileReference; lastKnownFileType = image.png; name = "app-icon-128.png"; path = "../../../app_chrome/app-icon-128.png"; sourceTree = "<group>"; };
		ED48B9BB2C335435000F8B07 /* app-icon-16.png */ = {isa = PBXFileReference; lastKnownFileType = image.png; name = "app-icon-16.png"; path = "../../../app_chrome/app-icon-16.png"; sourceTree = "<group>"; };
		ED48B9BC2C335435000F8B07 /* app-icon-grayscale-16.png */ = {isa = PBXFileReference; lastKnownFileType = image.png; name = "app-icon-grayscale-16.png"; path = "../../../app_chrome/app-icon-grayscale-16.png"; sourceTree = "<group>"; };
		ED48B9BD2C335435000F8B07 /* index.css */ = {isa = PBXFileReference; lastKnownFileType = text.css; name = index.css; path = ../../../app_chrome/index.css; sourceTree = "<group>"; };
		ED48B9BE2C335435000F8B07 /* chunks */ = {isa = PBXFileReference; lastKnownFileType = folder; name = chunks; path = ../../../app_chrome/chunks; sourceTree = "<group>"; };
		ED48B9BF2C335435000F8B07 /* app-icon-grayscale-32.png */ = {isa = PBXFileReference; lastKnownFileType = image.png; name = "app-icon-grayscale-32.png"; path = "../../../app_chrome/app-icon-grayscale-32.png"; sourceTree = "<group>"; };
		ED48B9C02C335435000F8B07 /* app-icon.png */ = {isa = PBXFileReference; lastKnownFileType = image.png; name = "app-icon.png"; path = "../../../app_chrome/app-icon.png"; sourceTree = "<group>"; };
		ED48B9C12C335435000F8B07 /* app-icon-32.png */ = {isa = PBXFileReference; lastKnownFileType = image.png; name = "app-icon-32.png"; path = "../../../app_chrome/app-icon-32.png"; sourceTree = "<group>"; };
		ED48B9C22C335435000F8B07 /* manifest.json */ = {isa = PBXFileReference; lastKnownFileType = text.json; name = manifest.json; path = ../../../app_chrome/manifest.json; sourceTree = "<group>"; };
		ED48B9C32C335435000F8B07 /* app-icon-grayscale.png */ = {isa = PBXFileReference; lastKnownFileType = image.png; name = "app-icon-grayscale.png"; path = "../../../app_chrome/app-icon-grayscale.png"; sourceTree = "<group>"; };
		ED48B9C42C335435000F8B07 /* app-icon-grayscale-128.png */ = {isa = PBXFileReference; lastKnownFileType = image.png; name = "app-icon-grayscale-128.png"; path = "../../../app_chrome/app-icon-grayscale-128.png"; sourceTree = "<group>"; };
		ED48B9C52C335435000F8B07 /* content.js */ = {isa = PBXFileReference; lastKnownFileType = sourcecode.javascript; name = content.js; path = ../../../app_chrome/content.js; sourceTree = "<group>"; };
		ED48B9C62C335435000F8B07 /* content.ts-loader.js */ = {isa = PBXFileReference; lastKnownFileType = sourcecode.javascript; name = "content.ts-loader.js"; path = "../../../app_chrome/content.ts-loader.js"; sourceTree = "<group>"; };
/* End PBXFileReference section */

/* Begin PBXFrameworksBuildPhase section */
		ED48B9612C335434000F8B07 /* Frameworks */ = {
			isa = PBXFrameworksBuildPhase;
			buildActionMask = 2147483647;
			files = (
			);
			runOnlyForDeploymentPostprocessing = 0;
		};
		ED48B9732C335434000F8B07 /* Frameworks */ = {
			isa = PBXFrameworksBuildPhase;
			buildActionMask = 2147483647;
			files = (
			);
			runOnlyForDeploymentPostprocessing = 0;
		};
		ED48B9802C335434000F8B07 /* Frameworks */ = {
			isa = PBXFrameworksBuildPhase;
			buildActionMask = 2147483647;
			files = (
			);
			runOnlyForDeploymentPostprocessing = 0;
		};
		ED48B98A2C335434000F8B07 /* Frameworks */ = {
			isa = PBXFrameworksBuildPhase;
			buildActionMask = 2147483647;
			files = (
			);
			runOnlyForDeploymentPostprocessing = 0;
		};
/* End PBXFrameworksBuildPhase section */

/* Begin PBXGroup section */
		ED48B9502C335430000F8B07 = {
			isa = PBXGroup;
			children = (
				ED48B9552C335431000F8B07 /* Shared (App) */,
				ED48B95E2C335434000F8B07 /* Shared (Extension) */,
				ED48B9662C335434000F8B07 /* iOS (App) */,
				ED48B9772C335434000F8B07 /* macOS (App) */,
				ED48B9872C335434000F8B07 /* iOS (Extension) */,
				ED48B9912C335434000F8B07 /* macOS (Extension) */,
				ED48B9652C335434000F8B07 /* Products */,
			);
			sourceTree = "<group>";
		};
		ED48B9552C335431000F8B07 /* Shared (App) */ = {
			isa = PBXGroup;
			children = (
				ED48B95C2C335431000F8B07 /* ViewController.swift */,
				ED48B95D2C335434000F8B07 /* Assets.xcassets */,
				ED48B9562C335431000F8B07 /* Resources */,
			);
			path = "Shared (App)";
			sourceTree = "<group>";
		};
		ED48B9562C335431000F8B07 /* Resources */ = {
			isa = PBXGroup;
			children = (
				ED48B9572C335431000F8B07 /* Main.html */,
				ED48B9592C335431000F8B07 /* Icon.png */,
				ED48B95A2C335431000F8B07 /* Style.css */,
				ED48B95B2C335431000F8B07 /* Script.js */,
			);
			path = Resources;
			sourceTree = "<group>";
		};
		ED48B95E2C335434000F8B07 /* Shared (Extension) */ = {
			isa = PBXGroup;
			children = (
				ED48B9B22C335435000F8B07 /* Resources */,
				ED48B95F2C335434000F8B07 /* SafariWebExtensionHandler.swift */,
			);
			path = "Shared (Extension)";
			sourceTree = "<group>";
		};
		ED48B9652C335434000F8B07 /* Products */ = {
			isa = PBXGroup;
			children = (
				ED48B9642C335434000F8B07 /* wtm.app */,
				ED48B9762C335434000F8B07 /* wtm.app */,
				ED48B9832C335434000F8B07 /* wtm Extension.appex */,
				ED48B98D2C335434000F8B07 /* wtm Extension.appex */,
			);
			name = Products;
			sourceTree = "<group>";
		};
		ED48B9662C335434000F8B07 /* iOS (App) */ = {
			isa = PBXGroup;
			children = (
				ED48B9672C335434000F8B07 /* AppDelegate.swift */,
				ED48B9692C335434000F8B07 /* SceneDelegate.swift */,
				ED48B96B2C335434000F8B07 /* LaunchScreen.storyboard */,
				ED48B96E2C335434000F8B07 /* Main.storyboard */,
				ED48B9712C335434000F8B07 /* Info.plist */,
			);
			path = "iOS (App)";
			sourceTree = "<group>";
		};
		ED48B9772C335434000F8B07 /* macOS (App) */ = {
			isa = PBXGroup;
			children = (
				ED48B9782C335434000F8B07 /* AppDelegate.swift */,
				ED48B97A2C335434000F8B07 /* Main.storyboard */,
				ED48B97D2C335434000F8B07 /* Info.plist */,
				ED48B97E2C335434000F8B07 /* wtm.entitlements */,
			);
			path = "macOS (App)";
			sourceTree = "<group>";
		};
		ED48B9872C335434000F8B07 /* iOS (Extension) */ = {
			isa = PBXGroup;
			children = (
				ED48B9882C335434000F8B07 /* Info.plist */,
			);
			path = "iOS (Extension)";
			sourceTree = "<group>";
		};
		ED48B9912C335434000F8B07 /* macOS (Extension) */ = {
			isa = PBXGroup;
			children = (
				ED48B9922C335434000F8B07 /* Info.plist */,
				ED48B9932C335434000F8B07 /* wtm.entitlements */,
			);
			path = "macOS (Extension)";
			sourceTree = "<group>";
		};
		ED48B9B22C335435000F8B07 /* Resources */ = {
			isa = PBXGroup;
			children = (
				ED48B9B32C335435000F8B07 /* app-icon-grayscale-64.png */,
				ED48B9B42C335435000F8B07 /* app-icon-48.png */,
				ED48B9B52C335435000F8B07 /* popup.js */,
				ED48B9B62C335435000F8B07 /* index.html */,
				ED48B9B72C335435000F8B07 /* app-icon-64.png */,
				ED48B9B82C335435000F8B07 /* app-icon-grayscale-48.png */,
				ED48B9B92C335435000F8B07 /* background.js */,
				ED48B9BA2C335435000F8B07 /* app-icon-128.png */,
				ED48B9BB2C335435000F8B07 /* app-icon-16.png */,
				ED48B9BC2C335435000F8B07 /* app-icon-grayscale-16.png */,
				ED48B9BD2C335435000F8B07 /* index.css */,
				ED48B9BE2C335435000F8B07 /* chunks */,
				ED48B9BF2C335435000F8B07 /* app-icon-grayscale-32.png */,
				ED48B9C02C335435000F8B07 /* app-icon.png */,
				ED48B9C12C335435000F8B07 /* app-icon-32.png */,
				ED48B9C22C335435000F8B07 /* manifest.json */,
				ED48B9C32C335435000F8B07 /* app-icon-grayscale.png */,
				ED48B9C42C335435000F8B07 /* app-icon-grayscale-128.png */,
				ED48B9C52C335435000F8B07 /* content.js */,
				ED48B9C62C335435000F8B07 /* content.ts-loader.js */,
			);
			name = Resources;
			path = "Shared (Extension)";
			sourceTree = SOURCE_ROOT;
		};
/* End PBXGroup section */

/* Begin PBXNativeTarget section */
		ED48B9632C335434000F8B07 /* wtm (iOS) */ = {
			isa = PBXNativeTarget;
			buildConfigurationList = ED48B9A82C335434000F8B07 /* Build configuration list for PBXNativeTarget "wtm (iOS)" */;
			buildPhases = (
				ED48B9602C335434000F8B07 /* Sources */,
				ED48B9612C335434000F8B07 /* Frameworks */,
				ED48B9622C335434000F8B07 /* Resources */,
				ED48B9A72C335434000F8B07 /* Embed Foundation Extensions */,
			);
			buildRules = (
			);
			dependencies = (
				ED48B9862C335434000F8B07 /* PBXTargetDependency */,
			);
			name = "wtm (iOS)";
			productName = "wtm (iOS)";
			productReference = ED48B9642C335434000F8B07 /* wtm.app */;
			productType = "com.apple.product-type.application";
		};
		ED48B9752C335434000F8B07 /* wtm (macOS) */ = {
			isa = PBXNativeTarget;
			buildConfigurationList = ED48B9AF2C335434000F8B07 /* Build configuration list for PBXNativeTarget "wtm (macOS)" */;
			buildPhases = (
				ED48B9722C335434000F8B07 /* Sources */,
				ED48B9732C335434000F8B07 /* Frameworks */,
				ED48B9742C335434000F8B07 /* Resources */,
				ED48B9AE2C335434000F8B07 /* Embed Foundation Extensions */,
			);
			buildRules = (
			);
			dependencies = (
				ED48B9902C335434000F8B07 /* PBXTargetDependency */,
			);
			name = "wtm (macOS)";
			productName = "wtm (macOS)";
			productReference = ED48B9762C335434000F8B07 /* wtm.app */;
			productType = "com.apple.product-type.application";
		};
		ED48B9822C335434000F8B07 /* wtm Extension (iOS) */ = {
			isa = PBXNativeTarget;
			buildConfigurationList = ED48B9A42C335434000F8B07 /* Build configuration list for PBXNativeTarget "wtm Extension (iOS)" */;
			buildPhases = (
				ED48B97F2C335434000F8B07 /* Sources */,
				ED48B9802C335434000F8B07 /* Frameworks */,
				ED48B9812C335434000F8B07 /* Resources */,
			);
			buildRules = (
			);
			dependencies = (
			);
			name = "wtm Extension (iOS)";
			productName = "wtm Extension (iOS)";
			productReference = ED48B9832C335434000F8B07 /* wtm Extension.appex */;
			productType = "com.apple.product-type.app-extension";
		};
		ED48B98C2C335434000F8B07 /* wtm Extension (macOS) */ = {
			isa = PBXNativeTarget;
			buildConfigurationList = ED48B9AB2C335434000F8B07 /* Build configuration list for PBXNativeTarget "wtm Extension (macOS)" */;
			buildPhases = (
				ED48B9892C335434000F8B07 /* Sources */,
				ED48B98A2C335434000F8B07 /* Frameworks */,
				ED48B98B2C335434000F8B07 /* Resources */,
			);
			buildRules = (
			);
			dependencies = (
			);
			name = "wtm Extension (macOS)";
			productName = "wtm Extension (macOS)";
			productReference = ED48B98D2C335434000F8B07 /* wtm Extension.appex */;
			productType = "com.apple.product-type.app-extension";
		};
/* End PBXNativeTarget section */

/* Begin PBXProject section */
		ED48B9512C335430000F8B07 /* Project object */ = {
			isa = PBXProject;
			attributes = {
				BuildIndependentTargetsInParallel = 1;
				LastSwiftUpdateCheck = 1540;
				LastUpgradeCheck = 1540;
				TargetAttributes = {
					ED48B9632C335434000F8B07 = {
						CreatedOnToolsVersion = 15.4;
					};
					ED48B9752C335434000F8B07 = {
						CreatedOnToolsVersion = 15.4;
					};
					ED48B9822C335434000F8B07 = {
						CreatedOnToolsVersion = 15.4;
					};
					ED48B98C2C335434000F8B07 = {
						CreatedOnToolsVersion = 15.4;
					};
				};
			};
			buildConfigurationList = ED48B9542C335430000F8B07 /* Build configuration list for PBXProject "wtm" */;
			compatibilityVersion = "Xcode 14.0";
			developmentRegion = en;
			hasScannedForEncodings = 0;
			knownRegions = (
				en,
				Base,
			);
			mainGroup = ED48B9502C335430000F8B07;
			productRefGroup = ED48B9652C335434000F8B07 /* Products */;
			projectDirPath = "";
			projectRoot = "";
			targets = (
				ED48B9632C335434000F8B07 /* wtm (iOS) */,
				ED48B9752C335434000F8B07 /* wtm (macOS) */,
				ED48B9822C335434000F8B07 /* wtm Extension (iOS) */,
				ED48B98C2C335434000F8B07 /* wtm Extension (macOS) */,
			);
		};
/* End PBXProject section */

/* Begin PBXResourcesBuildPhase section */
		ED48B9622C335434000F8B07 /* Resources */ = {
			isa = PBXResourcesBuildPhase;
			buildActionMask = 2147483647;
			files = (
				ED48B9962C335434000F8B07 /* Icon.png in Resources */,
				ED48B96D2C335434000F8B07 /* Base in Resources */,
				ED48B9942C335434000F8B07 /* Base in Resources */,
				ED48B99A2C335434000F8B07 /* Script.js in Resources */,
				ED48B99E2C335434000F8B07 /* Assets.xcassets in Resources */,
				ED48B9702C335434000F8B07 /* Base in Resources */,
				ED48B9982C335434000F8B07 /* Style.css in Resources */,
			);
			runOnlyForDeploymentPostprocessing = 0;
		};
		ED48B9742C335434000F8B07 /* Resources */ = {
			isa = PBXResourcesBuildPhase;
			buildActionMask = 2147483647;
			files = (
				ED48B9972C335434000F8B07 /* Icon.png in Resources */,
				ED48B9992C335434000F8B07 /* Style.css in Resources */,
				ED48B97C2C335434000F8B07 /* Base in Resources */,
				ED48B99B2C335434000F8B07 /* Script.js in Resources */,
				ED48B99F2C335434000F8B07 /* Assets.xcassets in Resources */,
				ED48B9952C335434000F8B07 /* Base in Resources */,
			);
			runOnlyForDeploymentPostprocessing = 0;
		};
		ED48B9812C335434000F8B07 /* Resources */ = {
			isa = PBXResourcesBuildPhase;
			buildActionMask = 2147483647;
			files = (
				ED48B9EC2C335435000F8B07 /* app-icon-grayscale-128.png in Resources */,
				ED48B9DC2C335435000F8B07 /* app-icon-48.png in Resources */,
				ED48B9E72C335435000F8B07 /* app-icon-grayscale-32.png in Resources */,
				ED48B9EE2C335435000F8B07 /* content.ts-loader.js in Resources */,
				ED48B9DF2C335435000F8B07 /* app-icon-64.png in Resources */,
				ED48B9E52C335435000F8B07 /* index.css in Resources */,
				ED48B9EB2C335435000F8B07 /* app-icon-grayscale.png in Resources */,
				ED48B9E22C335435000F8B07 /* app-icon-128.png in Resources */,
				ED48B9E12C335435000F8B07 /* background.js in Resources */,
				ED48B9DE2C335435000F8B07 /* index.html in Resources */,
				ED48B9E62C335435000F8B07 /* chunks in Resources */,
				ED48B9DD2C335435000F8B07 /* popup.js in Resources */,
				ED48B9E02C335435000F8B07 /* app-icon-grayscale-48.png in Resources */,
				ED48B9ED2C335435000F8B07 /* content.js in Resources */,
				ED48B9E42C335435000F8B07 /* app-icon-grayscale-16.png in Resources */,
				ED48B9DB2C335435000F8B07 /* app-icon-grayscale-64.png in Resources */,
				ED48B9EA2C335435000F8B07 /* manifest.json in Resources */,
				ED48B9E82C335435000F8B07 /* app-icon.png in Resources */,
				ED48B9E32C335435000F8B07 /* app-icon-16.png in Resources */,
				ED48B9E92C335435000F8B07 /* app-icon-32.png in Resources */,
			);
			runOnlyForDeploymentPostprocessing = 0;
		};
		ED48B98B2C335434000F8B07 /* Resources */ = {
			isa = PBXResourcesBuildPhase;
			buildActionMask = 2147483647;
			files = (
				ED48B9D82C335435000F8B07 /* app-icon-grayscale-128.png in Resources */,
				ED48B9C82C335435000F8B07 /* app-icon-48.png in Resources */,
				ED48B9D32C335435000F8B07 /* app-icon-grayscale-32.png in Resources */,
				ED48B9DA2C335435000F8B07 /* content.ts-loader.js in Resources */,
				ED48B9CB2C335435000F8B07 /* app-icon-64.png in Resources */,
				ED48B9D12C335435000F8B07 /* index.css in Resources */,
				ED48B9D72C335435000F8B07 /* app-icon-grayscale.png in Resources */,
				ED48B9CE2C335435000F8B07 /* app-icon-128.png in Resources */,
				ED48B9CD2C335435000F8B07 /* background.js in Resources */,
				ED48B9CA2C335435000F8B07 /* index.html in Resources */,
				ED48B9D22C335435000F8B07 /* chunks in Resources */,
				ED48B9C92C335435000F8B07 /* popup.js in Resources */,
				ED48B9CC2C335435000F8B07 /* app-icon-grayscale-48.png in Resources */,
				ED48B9D92C335435000F8B07 /* content.js in Resources */,
				ED48B9D02C335435000F8B07 /* app-icon-grayscale-16.png in Resources */,
				ED48B9C72C335435000F8B07 /* app-icon-grayscale-64.png in Resources */,
				ED48B9D62C335435000F8B07 /* manifest.json in Resources */,
				ED48B9D42C335435000F8B07 /* app-icon.png in Resources */,
				ED48B9CF2C335435000F8B07 /* app-icon-16.png in Resources */,
				ED48B9D52C335435000F8B07 /* app-icon-32.png in Resources */,
			);
			runOnlyForDeploymentPostprocessing = 0;
		};
/* End PBXResourcesBuildPhase section */

/* Begin PBXSourcesBuildPhase section */
		ED48B9602C335434000F8B07 /* Sources */ = {
			isa = PBXSourcesBuildPhase;
			buildActionMask = 2147483647;
			files = (
				ED48B99C2C335434000F8B07 /* ViewController.swift in Sources */,
				ED48B9682C335434000F8B07 /* AppDelegate.swift in Sources */,
				ED48B96A2C335434000F8B07 /* SceneDelegate.swift in Sources */,
			);
			runOnlyForDeploymentPostprocessing = 0;
		};
		ED48B9722C335434000F8B07 /* Sources */ = {
			isa = PBXSourcesBuildPhase;
			buildActionMask = 2147483647;
			files = (
				ED48B99D2C335434000F8B07 /* ViewController.swift in Sources */,
				ED48B9792C335434000F8B07 /* AppDelegate.swift in Sources */,
			);
			runOnlyForDeploymentPostprocessing = 0;
		};
		ED48B97F2C335434000F8B07 /* Sources */ = {
			isa = PBXSourcesBuildPhase;
			buildActionMask = 2147483647;
			files = (
				ED48B9A02C335434000F8B07 /* SafariWebExtensionHandler.swift in Sources */,
			);
			runOnlyForDeploymentPostprocessing = 0;
		};
		ED48B9892C335434000F8B07 /* Sources */ = {
			isa = PBXSourcesBuildPhase;
			buildActionMask = 2147483647;
			files = (
				ED48B9A12C335434000F8B07 /* SafariWebExtensionHandler.swift in Sources */,
			);
			runOnlyForDeploymentPostprocessing = 0;
		};
/* End PBXSourcesBuildPhase section */

/* Begin PBXTargetDependency section */
		ED48B9862C335434000F8B07 /* PBXTargetDependency */ = {
			isa = PBXTargetDependency;
			target = ED48B9822C335434000F8B07 /* wtm Extension (iOS) */;
			targetProxy = ED48B9852C335434000F8B07 /* PBXContainerItemProxy */;
		};
		ED48B9902C335434000F8B07 /* PBXTargetDependency */ = {
			isa = PBXTargetDependency;
			target = ED48B98C2C335434000F8B07 /* wtm Extension (macOS) */;
			targetProxy = ED48B98F2C335434000F8B07 /* PBXContainerItemProxy */;
		};
/* End PBXTargetDependency section */

/* Begin PBXVariantGroup section */
		ED48B9572C335431000F8B07 /* Main.html */ = {
			isa = PBXVariantGroup;
			children = (
				ED48B9582C335431000F8B07 /* Base */,
			);
			name = Main.html;
			sourceTree = "<group>";
		};
		ED48B96B2C335434000F8B07 /* LaunchScreen.storyboard */ = {
			isa = PBXVariantGroup;
			children = (
				ED48B96C2C335434000F8B07 /* Base */,
			);
			name = LaunchScreen.storyboard;
			sourceTree = "<group>";
		};
		ED48B96E2C335434000F8B07 /* Main.storyboard */ = {
			isa = PBXVariantGroup;
			children = (
				ED48B96F2C335434000F8B07 /* Base */,
			);
			name = Main.storyboard;
			sourceTree = "<group>";
		};
		ED48B97A2C335434000F8B07 /* Main.storyboard */ = {
			isa = PBXVariantGroup;
			children = (
				ED48B97B2C335434000F8B07 /* Base */,
			);
			name = Main.storyboard;
			sourceTree = "<group>";
		};
/* End PBXVariantGroup section */

/* Begin XCBuildConfiguration section */
		ED48B9A22C335434000F8B07 /* Debug */ = {
			isa = XCBuildConfiguration;
			buildSettings = {
				ALWAYS_SEARCH_USER_PATHS = NO;
				ASSETCATALOG_COMPILER_GENERATE_SWIFT_ASSET_SYMBOL_EXTENSIONS = YES;
				CLANG_ANALYZER_NONNULL = YES;
				CLANG_ANALYZER_NUMBER_OBJECT_CONVERSION = YES_AGGRESSIVE;
				CLANG_CXX_LANGUAGE_STANDARD = "gnu++20";
				CLANG_ENABLE_MODULES = YES;
				CLANG_ENABLE_OBJC_ARC = YES;
				CLANG_ENABLE_OBJC_WEAK = YES;
				CLANG_WARN_BLOCK_CAPTURE_AUTORELEASING = YES;
				CLANG_WARN_BOOL_CONVERSION = YES;
				CLANG_WARN_COMMA = YES;
				CLANG_WARN_CONSTANT_CONVERSION = YES;
				CLANG_WARN_DEPRECATED_OBJC_IMPLEMENTATIONS = YES;
				CLANG_WARN_DIRECT_OBJC_ISA_USAGE = YES_ERROR;
				CLANG_WARN_DOCUMENTATION_COMMENTS = YES;
				CLANG_WARN_EMPTY_BODY = YES;
				CLANG_WARN_ENUM_CONVERSION = YES;
				CLANG_WARN_INFINITE_RECURSION = YES;
				CLANG_WARN_INT_CONVERSION = YES;
				CLANG_WARN_NON_LITERAL_NULL_CONVERSION = YES;
				CLANG_WARN_OBJC_IMPLICIT_RETAIN_SELF = YES;
				CLANG_WARN_OBJC_LITERAL_CONVERSION = YES;
				CLANG_WARN_OBJC_ROOT_CLASS = YES_ERROR;
				CLANG_WARN_QUOTED_INCLUDE_IN_FRAMEWORK_HEADER = YES;
				CLANG_WARN_RANGE_LOOP_ANALYSIS = YES;
				CLANG_WARN_STRICT_PROTOTYPES = YES;
				CLANG_WARN_SUSPICIOUS_MOVE = YES;
				CLANG_WARN_UNGUARDED_AVAILABILITY = YES_AGGRESSIVE;
				CLANG_WARN_UNREACHABLE_CODE = YES;
				CLANG_WARN__DUPLICATE_METHOD_MATCH = YES;
				COPY_PHASE_STRIP = NO;
				DEBUG_INFORMATION_FORMAT = dwarf;
				ENABLE_STRICT_OBJC_MSGSEND = YES;
				ENABLE_TESTABILITY = YES;
				ENABLE_USER_SCRIPT_SANDBOXING = YES;
				GCC_C_LANGUAGE_STANDARD = gnu17;
				GCC_DYNAMIC_NO_PIC = NO;
				GCC_NO_COMMON_BLOCKS = YES;
				GCC_OPTIMIZATION_LEVEL = 0;
				GCC_PREPROCESSOR_DEFINITIONS = (
					"DEBUG=1",
					"$(inherited)",
				);
				GCC_WARN_64_TO_32_BIT_CONVERSION = YES;
				GCC_WARN_ABOUT_RETURN_TYPE = YES_ERROR;
				GCC_WARN_UNDECLARED_SELECTOR = YES;
				GCC_WARN_UNINITIALIZED_AUTOS = YES_AGGRESSIVE;
				GCC_WARN_UNUSED_FUNCTION = YES;
				GCC_WARN_UNUSED_VARIABLE = YES;
				LOCALIZATION_PREFERS_STRING_CATALOGS = YES;
				MTL_ENABLE_DEBUG_INFO = INCLUDE_SOURCE;
				MTL_FAST_MATH = YES;
				ONLY_ACTIVE_ARCH = YES;
				SWIFT_ACTIVE_COMPILATION_CONDITIONS = "DEBUG $(inherited)";
				SWIFT_OPTIMIZATION_LEVEL = "-Onone";
			};
			name = Debug;
		};
		ED48B9A32C335434000F8B07 /* Release */ = {
			isa = XCBuildConfiguration;
			buildSettings = {
				ALWAYS_SEARCH_USER_PATHS = NO;
				ASSETCATALOG_COMPILER_GENERATE_SWIFT_ASSET_SYMBOL_EXTENSIONS = YES;
				CLANG_ANALYZER_NONNULL = YES;
				CLANG_ANALYZER_NUMBER_OBJECT_CONVERSION = YES_AGGRESSIVE;
				CLANG_CXX_LANGUAGE_STANDARD = "gnu++20";
				CLANG_ENABLE_MODULES = YES;
				CLANG_ENABLE_OBJC_ARC = YES;
				CLANG_ENABLE_OBJC_WEAK = YES;
				CLANG_WARN_BLOCK_CAPTURE_AUTORELEASING = YES;
				CLANG_WARN_BOOL_CONVERSION = YES;
				CLANG_WARN_COMMA = YES;
				CLANG_WARN_CONSTANT_CONVERSION = YES;
				CLANG_WARN_DEPRECATED_OBJC_IMPLEMENTATIONS = YES;
				CLANG_WARN_DIRECT_OBJC_ISA_USAGE = YES_ERROR;
				CLANG_WARN_DOCUMENTATION_COMMENTS = YES;
				CLANG_WARN_EMPTY_BODY = YES;
				CLANG_WARN_ENUM_CONVERSION = YES;
				CLANG_WARN_INFINITE_RECURSION = YES;
				CLANG_WARN_INT_CONVERSION = YES;
				CLANG_WARN_NON_LITERAL_NULL_CONVERSION = YES;
				CLANG_WARN_OBJC_IMPLICIT_RETAIN_SELF = YES;
				CLANG_WARN_OBJC_LITERAL_CONVERSION = YES;
				CLANG_WARN_OBJC_ROOT_CLASS = YES_ERROR;
				CLANG_WARN_QUOTED_INCLUDE_IN_FRAMEWORK_HEADER = YES;
				CLANG_WARN_RANGE_LOOP_ANALYSIS = YES;
				CLANG_WARN_STRICT_PROTOTYPES = YES;
				CLANG_WARN_SUSPICIOUS_MOVE = YES;
				CLANG_WARN_UNGUARDED_AVAILABILITY = YES_AGGRESSIVE;
				CLANG_WARN_UNREACHABLE_CODE = YES;
				CLANG_WARN__DUPLICATE_METHOD_MATCH = YES;
				COPY_PHASE_STRIP = NO;
				DEBUG_INFORMATION_FORMAT = "dwarf-with-dsym";
				ENABLE_NS_ASSERTIONS = NO;
				ENABLE_STRICT_OBJC_MSGSEND = YES;
				ENABLE_USER_SCRIPT_SANDBOXING = YES;
				GCC_C_LANGUAGE_STANDARD = gnu17;
				GCC_NO_COMMON_BLOCKS = YES;
				GCC_WARN_64_TO_32_BIT_CONVERSION = YES;
				GCC_WARN_ABOUT_RETURN_TYPE = YES_ERROR;
				GCC_WARN_UNDECLARED_SELECTOR = YES;
				GCC_WARN_UNINITIALIZED_AUTOS = YES_AGGRESSIVE;
				GCC_WARN_UNUSED_FUNCTION = YES;
				GCC_WARN_UNUSED_VARIABLE = YES;
				LOCALIZATION_PREFERS_STRING_CATALOGS = YES;
				MTL_ENABLE_DEBUG_INFO = NO;
				MTL_FAST_MATH = YES;
				SWIFT_COMPILATION_MODE = wholemodule;
			};
			name = Release;
		};
		ED48B9A52C335434000F8B07 /* Debug */ = {
			isa = XCBuildConfiguration;
			buildSettings = {
				CODE_SIGN_STYLE = Automatic;
				CURRENT_PROJECT_VERSION = 1;
				DEVELOPMENT_TEAM = 2858MX5336;
				GENERATE_INFOPLIST_FILE = YES;
				INFOPLIST_FILE = "iOS (Extension)/Info.plist";
				INFOPLIST_KEY_CFBundleDisplayName = "wtm Extension";
				INFOPLIST_KEY_NSHumanReadableCopyright = "";
				IPHONEOS_DEPLOYMENT_TARGET = 15.0;
				LD_RUNPATH_SEARCH_PATHS = (
					"$(inherited)",
					"@executable_path/Frameworks",
					"@executable_path/../../Frameworks",
				);
				MARKETING_VERSION = 1.0;
				OTHER_LDFLAGS = (
					"-framework",
					SafariServices,
				);
				PRODUCT_BUNDLE_IDENTIFIER = com.ttt246llc.wtm.Extension;
				PRODUCT_NAME = "wtm Extension";
				SDKROOT = iphoneos;
				SKIP_INSTALL = YES;
				SWIFT_EMIT_LOC_STRINGS = YES;
				SWIFT_VERSION = 5.0;
				TARGETED_DEVICE_FAMILY = "1,2";
			};
			name = Debug;
		};
		ED48B9A62C335434000F8B07 /* Release */ = {
			isa = XCBuildConfiguration;
			buildSettings = {
				CODE_SIGN_STYLE = Automatic;
				CURRENT_PROJECT_VERSION = 1;
				DEVELOPMENT_TEAM = 2858MX5336;
				GENERATE_INFOPLIST_FILE = YES;
				INFOPLIST_FILE = "iOS (Extension)/Info.plist";
				INFOPLIST_KEY_CFBundleDisplayName = "wtm Extension";
				INFOPLIST_KEY_NSHumanReadableCopyright = "";
				IPHONEOS_DEPLOYMENT_TARGET = 15.0;
				LD_RUNPATH_SEARCH_PATHS = (
					"$(inherited)",
					"@executable_path/Frameworks",
					"@executable_path/../../Frameworks",
				);
				MARKETING_VERSION = 1.0;
				OTHER_LDFLAGS = (
					"-framework",
					SafariServices,
				);
				PRODUCT_BUNDLE_IDENTIFIER = com.ttt246llc.wtm.Extension;
				PRODUCT_NAME = "wtm Extension";
				SDKROOT = iphoneos;
				SKIP_INSTALL = YES;
				SWIFT_EMIT_LOC_STRINGS = YES;
				SWIFT_VERSION = 5.0;
				TARGETED_DEVICE_FAMILY = "1,2";
				VALIDATE_PRODUCT = YES;
			};
			name = Release;
		};
		ED48B9A92C335434000F8B07 /* Debug */ = {
			isa = XCBuildConfiguration;
			buildSettings = {
				ALWAYS_EMBED_SWIFT_STANDARD_LIBRARIES = YES;
				ASSETCATALOG_COMPILER_APPICON_NAME = AppIcon;
				ASSETCATALOG_COMPILER_GLOBAL_ACCENT_COLOR_NAME = AccentColor;
				CODE_SIGN_STYLE = Automatic;
				CURRENT_PROJECT_VERSION = 1;
				DEVELOPMENT_TEAM = 2858MX5336;
				GENERATE_INFOPLIST_FILE = YES;
				INFOPLIST_FILE = "iOS (App)/Info.plist";
				INFOPLIST_KEY_CFBundleDisplayName = wtm;
				INFOPLIST_KEY_UIApplicationSupportsIndirectInputEvents = YES;
				INFOPLIST_KEY_UILaunchStoryboardName = LaunchScreen;
				INFOPLIST_KEY_UIMainStoryboardFile = Main;
				INFOPLIST_KEY_UISupportedInterfaceOrientations = "UIInterfaceOrientationPortrait UIInterfaceOrientationLandscapeLeft UIInterfaceOrientationLandscapeRight";
				INFOPLIST_KEY_UISupportedInterfaceOrientations_iPad = "UIInterfaceOrientationPortrait UIInterfaceOrientationPortraitUpsideDown UIInterfaceOrientationLandscapeLeft UIInterfaceOrientationLandscapeRight";
				IPHONEOS_DEPLOYMENT_TARGET = 15.0;
				LD_RUNPATH_SEARCH_PATHS = (
					"$(inherited)",
					"@executable_path/Frameworks",
				);
				MARKETING_VERSION = 1.5.8;
				OTHER_LDFLAGS = (
					"-framework",
					SafariServices,
					"-framework",
					WebKit,
				);
				PRODUCT_BUNDLE_IDENTIFIER = com.ttt246llc.wtm;
				PRODUCT_NAME = wtm;
				SDKROOT = iphoneos;
				SWIFT_EMIT_LOC_STRINGS = YES;
				SWIFT_VERSION = 5.0;
				TARGETED_DEVICE_FAMILY = "1,2";
			};
			name = Debug;
		};
		ED48B9AA2C335434000F8B07 /* Release */ = {
			isa = XCBuildConfiguration;
			buildSettings = {
				ALWAYS_EMBED_SWIFT_STANDARD_LIBRARIES = YES;
				ASSETCATALOG_COMPILER_APPICON_NAME = AppIcon;
				ASSETCATALOG_COMPILER_GLOBAL_ACCENT_COLOR_NAME = AccentColor;
				CODE_SIGN_STYLE = Automatic;
				CURRENT_PROJECT_VERSION = 1;
				DEVELOPMENT_TEAM = 2858MX5336;
				GENERATE_INFOPLIST_FILE = YES;
				INFOPLIST_FILE = "iOS (App)/Info.plist";
				INFOPLIST_KEY_CFBundleDisplayName = wtm;
				INFOPLIST_KEY_UIApplicationSupportsIndirectInputEvents = YES;
				INFOPLIST_KEY_UILaunchStoryboardName = LaunchScreen;
				INFOPLIST_KEY_UIMainStoryboardFile = Main;
				INFOPLIST_KEY_UISupportedInterfaceOrientations = "UIInterfaceOrientationPortrait UIInterfaceOrientationLandscapeLeft UIInterfaceOrientationLandscapeRight";
				INFOPLIST_KEY_UISupportedInterfaceOrientations_iPad = "UIInterfaceOrientationPortrait UIInterfaceOrientationPortraitUpsideDown UIInterfaceOrientationLandscapeLeft UIInterfaceOrientationLandscapeRight";
				IPHONEOS_DEPLOYMENT_TARGET = 15.0;
				LD_RUNPATH_SEARCH_PATHS = (
					"$(inherited)",
					"@executable_path/Frameworks",
				);
				MARKETING_VERSION = 1.5.8;
				OTHER_LDFLAGS = (
					"-framework",
					SafariServices,
					"-framework",
					WebKit,
				);
				PRODUCT_BUNDLE_IDENTIFIER = com.ttt246llc.wtm;
				PRODUCT_NAME = wtm;
				SDKROOT = iphoneos;
				SWIFT_EMIT_LOC_STRINGS = YES;
				SWIFT_VERSION = 5.0;
				TARGETED_DEVICE_FAMILY = "1,2";
				VALIDATE_PRODUCT = YES;
			};
			name = Release;
		};
		ED48B9AC2C335434000F8B07 /* Debug */ = {
			isa = XCBuildConfiguration;
			buildSettings = {
				CODE_SIGN_ENTITLEMENTS = "macOS (Extension)/wtm.entitlements";
				CODE_SIGN_STYLE = Automatic;
				CURRENT_PROJECT_VERSION = 1;
				ENABLE_HARDENED_RUNTIME = YES;
				GENERATE_INFOPLIST_FILE = YES;
				INFOPLIST_FILE = "macOS (Extension)/Info.plist";
				INFOPLIST_KEY_CFBundleDisplayName = "wtm Extension";
				INFOPLIST_KEY_NSHumanReadableCopyright = "";
				LD_RUNPATH_SEARCH_PATHS = (
					"$(inherited)",
					"@executable_path/../Frameworks",
					"@executable_path/../../../../Frameworks",
				);
				MACOSX_DEPLOYMENT_TARGET = 10.14;
				MARKETING_VERSION = 1.0;
				OTHER_LDFLAGS = (
					"-framework",
					SafariServices,
				);
				PRODUCT_BUNDLE_IDENTIFIER = com.ttt246llc.wtm.Extension;
				PRODUCT_NAME = "wtm Extension";
				SDKROOT = macosx;
				SKIP_INSTALL = YES;
				SWIFT_EMIT_LOC_STRINGS = YES;
				SWIFT_VERSION = 5.0;
			};
			name = Debug;
		};
		ED48B9AD2C335434000F8B07 /* Release */ = {
			isa = XCBuildConfiguration;
			buildSettings = {
				CODE_SIGN_ENTITLEMENTS = "macOS (Extension)/wtm.entitlements";
				CODE_SIGN_STYLE = Automatic;
				CURRENT_PROJECT_VERSION = 1;
				ENABLE_HARDENED_RUNTIME = YES;
				GENERATE_INFOPLIST_FILE = YES;
				INFOPLIST_FILE = "macOS (Extension)/Info.plist";
				INFOPLIST_KEY_CFBundleDisplayName = "wtm Extension";
				INFOPLIST_KEY_NSHumanReadableCopyright = "";
				LD_RUNPATH_SEARCH_PATHS = (
					"$(inherited)",
					"@executable_path/../Frameworks",
					"@executable_path/../../../../Frameworks",
				);
				MACOSX_DEPLOYMENT_TARGET = 10.14;
				MARKETING_VERSION = 1.0;
				OTHER_LDFLAGS = (
					"-framework",
					SafariServices,
				);
				PRODUCT_BUNDLE_IDENTIFIER = com.ttt246llc.wtm.Extension;
				PRODUCT_NAME = "wtm Extension";
				SDKROOT = macosx;
				SKIP_INSTALL = YES;
				SWIFT_EMIT_LOC_STRINGS = YES;
				SWIFT_VERSION = 5.0;
			};
			name = Release;
		};
		ED48B9B02C335434000F8B07 /* Debug */ = {
			isa = XCBuildConfiguration;
			buildSettings = {
				ALWAYS_EMBED_SWIFT_STANDARD_LIBRARIES = YES;
				ASSETCATALOG_COMPILER_APPICON_NAME = AppIcon;
				ASSETCATALOG_COMPILER_GLOBAL_ACCENT_COLOR_NAME = AccentColor;
				CODE_SIGN_ENTITLEMENTS = "macOS (App)/wtm.entitlements";
				CODE_SIGN_STYLE = Automatic;
				CURRENT_PROJECT_VERSION = 1;
				ENABLE_HARDENED_RUNTIME = YES;
				GENERATE_INFOPLIST_FILE = YES;
				INFOPLIST_FILE = "macOS (App)/Info.plist";
				INFOPLIST_KEY_CFBundleDisplayName = wtm;
				INFOPLIST_KEY_NSMainStoryboardFile = Main;
				INFOPLIST_KEY_NSPrincipalClass = NSApplication;
				LD_RUNPATH_SEARCH_PATHS = (
					"$(inherited)",
					"@executable_path/../Frameworks",
				);
				MACOSX_DEPLOYMENT_TARGET = 10.14;
				MARKETING_VERSION = 1.0;
				OTHER_LDFLAGS = (
					"-framework",
					SafariServices,
					"-framework",
					WebKit,
				);
				PRODUCT_BUNDLE_IDENTIFIER = com.ttt246llc.wtm;
				PRODUCT_NAME = wtm;
				SDKROOT = macosx;
				SWIFT_EMIT_LOC_STRINGS = YES;
				SWIFT_VERSION = 5.0;
			};
			name = Debug;
		};
		ED48B9B12C335434000F8B07 /* Release */ = {
			isa = XCBuildConfiguration;
			buildSettings = {
				ALWAYS_EMBED_SWIFT_STANDARD_LIBRARIES = YES;
				ASSETCATALOG_COMPILER_APPICON_NAME = AppIcon;
				ASSETCATALOG_COMPILER_GLOBAL_ACCENT_COLOR_NAME = AccentColor;
				CODE_SIGN_ENTITLEMENTS = "macOS (App)/wtm.entitlements";
				CODE_SIGN_STYLE = Automatic;
				CURRENT_PROJECT_VERSION = 1;
				ENABLE_HARDENED_RUNTIME = YES;
				GENERATE_INFOPLIST_FILE = YES;
				INFOPLIST_FILE = "macOS (App)/Info.plist";
				INFOPLIST_KEY_CFBundleDisplayName = wtm;
				INFOPLIST_KEY_NSMainStoryboardFile = Main;
				INFOPLIST_KEY_NSPrincipalClass = NSApplication;
				LD_RUNPATH_SEARCH_PATHS = (
					"$(inherited)",
					"@executable_path/../Frameworks",
				);
				MACOSX_DEPLOYMENT_TARGET = 10.14;
				MARKETING_VERSION = 1.0;
				OTHER_LDFLAGS = (
					"-framework",
					SafariServices,
					"-framework",
					WebKit,
				);
				PRODUCT_BUNDLE_IDENTIFIER = com.ttt246llc.wtm;
				PRODUCT_NAME = wtm;
				SDKROOT = macosx;
				SWIFT_EMIT_LOC_STRINGS = YES;
				SWIFT_VERSION = 5.0;
			};
			name = Release;
		};
/* End XCBuildConfiguration section */

/* Begin XCConfigurationList section */
		ED48B9542C335430000F8B07 /* Build configuration list for PBXProject "wtm" */ = {
			isa = XCConfigurationList;
			buildConfigurations = (
				ED48B9A22C335434000F8B07 /* Debug */,
				ED48B9A32C335434000F8B07 /* Release */,
			);
			defaultConfigurationIsVisible = 0;
			defaultConfigurationName = Release;
		};
		ED48B9A42C335434000F8B07 /* Build configuration list for PBXNativeTarget "wtm Extension (iOS)" */ = {
			isa = XCConfigurationList;
			buildConfigurations = (
				ED48B9A52C335434000F8B07 /* Debug */,
				ED48B9A62C335434000F8B07 /* Release */,
			);
			defaultConfigurationIsVisible = 0;
			defaultConfigurationName = Release;
		};
		ED48B9A82C335434000F8B07 /* Build configuration list for PBXNativeTarget "wtm (iOS)" */ = {
			isa = XCConfigurationList;
			buildConfigurations = (
				ED48B9A92C335434000F8B07 /* Debug */,
				ED48B9AA2C335434000F8B07 /* Release */,
			);
			defaultConfigurationIsVisible = 0;
			defaultConfigurationName = Release;
		};
		ED48B9AB2C335434000F8B07 /* Build configuration list for PBXNativeTarget "wtm Extension (macOS)" */ = {
			isa = XCConfigurationList;
			buildConfigurations = (
				ED48B9AC2C335434000F8B07 /* Debug */,
				ED48B9AD2C335434000F8B07 /* Release */,
			);
			defaultConfigurationIsVisible = 0;
			defaultConfigurationName = Release;
		};
		ED48B9AF2C335434000F8B07 /* Build configuration list for PBXNativeTarget "wtm (macOS)" */ = {
			isa = XCConfigurationList;
			buildConfigurations = (
				ED48B9B02C335434000F8B07 /* Debug */,
				ED48B9B12C335434000F8B07 /* Release */,
			);
			defaultConfigurationIsVisible = 0;
			defaultConfigurationName = Release;
		};
/* End XCConfigurationList section */
	};
	rootObject = ED48B9512C335430000F8B07 /* Project object */;
}
